// !$*UTF8*$!
{
	archiveVersion = 1;
	classes = {
	};
	objectVersion = 55;
	objects = {

/* Begin PBXBuildFile section */
		FE9E33FD27F01F2900B25D5C /* AppDelegate.swift in Sources */ = {isa = PBXBuildFile; fileRef = FE9E33FC27F01F2900B25D5C /* AppDelegate.swift */; };
		FE9E33FF27F01F2900B25D5C /* SceneDelegate.swift in Sources */ = {isa = PBXBuildFile; fileRef = FE9E33FE27F01F2900B25D5C /* SceneDelegate.swift */; };
		FE9E340127F01F2900B25D5C /* ViewController.swift in Sources */ = {isa = PBXBuildFile; fileRef = FE9E340027F01F2900B25D5C /* ViewController.swift */; };
		FE9E340427F01F2900B25D5C /* Main.storyboard in Resources */ = {isa = PBXBuildFile; fileRef = FE9E340227F01F2900B25D5C /* Main.storyboard */; };
		FE9E340627F01F2C00B25D5C /* Assets.xcassets in Resources */ = {isa = PBXBuildFile; fileRef = FE9E340527F01F2C00B25D5C /* Assets.xcassets */; };
		FE9E340927F01F2C00B25D5C /* LaunchScreen.storyboard in Resources */ = {isa = PBXBuildFile; fileRef = FE9E340727F01F2C00B25D5C /* LaunchScreen.storyboard */; };
		FE9E341427F01F2C00B25D5C /* ManualUITests.swift in Sources */ = {isa = PBXBuildFile; fileRef = FE9E341327F01F2C00B25D5C /* ManualUITests.swift */; };
		FE9E341E27F01F2C00B25D5C /* ManualUIUITests.swift in Sources */ = {isa = PBXBuildFile; fileRef = FE9E341D27F01F2C00B25D5C /* ManualUIUITests.swift */; };
		FE9E342027F01F2C00B25D5C /* ManualUIUITestsLaunchTests.swift in Sources */ = {isa = PBXBuildFile; fileRef = FE9E341F27F01F2C00B25D5C /* ManualUIUITestsLaunchTests.swift */; };
/* End PBXBuildFile section */

/* Begin PBXContainerItemProxy section */
		FE9E341027F01F2C00B25D5C /* PBXContainerItemProxy */ = {
			isa = PBXContainerItemProxy;
			containerPortal = FE9E33F127F01F2900B25D5C /* Project object */;
			proxyType = 1;
			remoteGlobalIDString = FE9E33F827F01F2900B25D5C;
			remoteInfo = ManualUI;
		};
		FE9E341A27F01F2C00B25D5C /* PBXContainerItemProxy */ = {
			isa = PBXContainerItemProxy;
			containerPortal = FE9E33F127F01F2900B25D5C /* Project object */;
			proxyType = 1;
			remoteGlobalIDString = FE9E33F827F01F2900B25D5C;
			remoteInfo = ManualUI;
		};
/* End PBXContainerItemProxy section */

/* Begin PBXFileReference section */
		FE9E33F927F01F2900B25D5C /* ManualUI.app */ = {isa = PBXFileReference; explicitFileType = wrapper.application; includeInIndex = 0; path = ManualUI.app; sourceTree = BUILT_PRODUCTS_DIR; };
		FE9E33FC27F01F2900B25D5C /* AppDelegate.swift */ = {isa = PBXFileReference; lastKnownFileType = sourcecode.swift; path = AppDelegate.swift; sourceTree = "<group>"; };
		FE9E33FE27F01F2900B25D5C /* SceneDelegate.swift */ = {isa = PBXFileReference; lastKnownFileType = sourcecode.swift; path = SceneDelegate.swift; sourceTree = "<group>"; };
		FE9E340027F01F2900B25D5C /* ViewController.swift */ = {isa = PBXFileReference; lastKnownFileType = sourcecode.swift; path = ViewController.swift; sourceTree = "<group>"; };
		FE9E340327F01F2900B25D5C /* Base */ = {isa = PBXFileReference; lastKnownFileType = file.storyboard; name = Base; path = Base.lproj/Main.storyboard; sourceTree = "<group>"; };
		FE9E340527F01F2C00B25D5C /* Assets.xcassets */ = {isa = PBXFileReference; lastKnownFileType = folder.assetcatalog; path = Assets.xcassets; sourceTree = "<group>"; };
		FE9E340827F01F2C00B25D5C /* Base */ = {isa = PBXFileReference; lastKnownFileType = file.storyboard; name = Base; path = Base.lproj/LaunchScreen.storyboard; sourceTree = "<group>"; };
		FE9E340A27F01F2C00B25D5C /* Info.plist */ = {isa = PBXFileReference; lastKnownFileType = text.plist.xml; path = Info.plist; sourceTree = "<group>"; };
		FE9E340F27F01F2C00B25D5C /* ManualUITests.xctest */ = {isa = PBXFileReference; explicitFileType = wrapper.cfbundle; includeInIndex = 0; path = ManualUITests.xctest; sourceTree = BUILT_PRODUCTS_DIR; };
		FE9E341327F01F2C00B25D5C /* ManualUITests.swift */ = {isa = PBXFileReference; lastKnownFileType = sourcecode.swift; path = ManualUITests.swift; sourceTree = "<group>"; };
		FE9E341927F01F2C00B25D5C /* ManualUIUITests.xctest */ = {isa = PBXFileReference; explicitFileType = wrapper.cfbundle; includeInIndex = 0; path = ManualUIUITests.xctest; sourceTree = BUILT_PRODUCTS_DIR; };
		FE9E341D27F01F2C00B25D5C /* ManualUIUITests.swift */ = {isa = PBXFileReference; lastKnownFileType = sourcecode.swift; path = ManualUIUITests.swift; sourceTree = "<group>"; };
		FE9E341F27F01F2C00B25D5C /* ManualUIUITestsLaunchTests.swift */ = {isa = PBXFileReference; lastKnownFileType = sourcecode.swift; path = ManualUIUITestsLaunchTests.swift; sourceTree = "<group>"; };
/* End PBXFileReference section */

/* Begin PBXFrameworksBuildPhase section */
		FE9E33F627F01F2900B25D5C /* Frameworks */ = {
			isa = PBXFrameworksBuildPhase;
			buildActionMask = 2147483647;
			files = (
			);
			runOnlyForDeploymentPostprocessing = 0;
		};
		FE9E340C27F01F2C00B25D5C /* Frameworks */ = {
			isa = PBXFrameworksBuildPhase;
			buildActionMask = 2147483647;
			files = (
			);
			runOnlyForDeploymentPostprocessing = 0;
		};
		FE9E341627F01F2C00B25D5C /* Frameworks */ = {
			isa = PBXFrameworksBuildPhase;
			buildActionMask = 2147483647;
			files = (
			);
			runOnlyForDeploymentPostprocessing = 0;
		};
/* End PBXFrameworksBuildPhase section */

/* Begin PBXGroup section */
		FE9E33F027F01F2800B25D5C = {
			isa = PBXGroup;
			children = (
				FE9E33FB27F01F2900B25D5C /* ManualUI */,
				FE9E341227F01F2C00B25D5C /* ManualUITests */,
				FE9E341C27F01F2C00B25D5C /* ManualUIUITests */,
				FE9E33FA27F01F2900B25D5C /* Products */,
			);
			sourceTree = "<group>";
		};
		FE9E33FA27F01F2900B25D5C /* Products */ = {
			isa = PBXGroup;
			children = (
				FE9E33F927F01F2900B25D5C /* ManualUI.app */,
				FE9E340F27F01F2C00B25D5C /* ManualUITests.xctest */,
				FE9E341927F01F2C00B25D5C /* ManualUIUITests.xctest */,
			);
			name = Products;
			sourceTree = "<group>";
		};
		FE9E33FB27F01F2900B25D5C /* ManualUI */ = {
			isa = PBXGroup;
			children = (
				FE9E33FC27F01F2900B25D5C /* AppDelegate.swift */,
				FE9E33FE27F01F2900B25D5C /* SceneDelegate.swift */,
				FE9E340027F01F2900B25D5C /* ViewController.swift */,
				FE9E340227F01F2900B25D5C /* Main.storyboard */,
				FE9E340527F01F2C00B25D5C /* Assets.xcassets */,
				FE9E340727F01F2C00B25D5C /* LaunchScreen.storyboard */,
				FE9E340A27F01F2C00B25D5C /* Info.plist */,
			);
			path = ManualUI;
			sourceTree = "<group>";
		};
		FE9E341227F01F2C00B25D5C /* ManualUITests */ = {
			isa = PBXGroup;
			children = (
				FE9E341327F01F2C00B25D5C /* ManualUITests.swift */,
			);
			path = ManualUITests;
			sourceTree = "<group>";
		};
		FE9E341C27F01F2C00B25D5C /* ManualUIUITests */ = {
			isa = PBXGroup;
			children = (
				FE9E341D27F01F2C00B25D5C /* ManualUIUITests.swift */,
				FE9E341F27F01F2C00B25D5C /* ManualUIUITestsLaunchTests.swift */,
			);
			path = ManualUIUITests;
			sourceTree = "<group>";
		};
/* End PBXGroup section */

/* Begin PBXNativeTarget section */
		FE9E33F827F01F2900B25D5C /* ManualUI */ = {
			isa = PBXNativeTarget;
			buildConfigurationList = FE9E342327F01F2C00B25D5C /* Build configuration list for PBXNativeTarget "ManualUI" */;
			buildPhases = (
				FE9E33F527F01F2900B25D5C /* Sources */,
				FE9E33F627F01F2900B25D5C /* Frameworks */,
				FE9E33F727F01F2900B25D5C /* Resources */,
			);
			buildRules = (
			);
			dependencies = (
			);
			name = ManualUI;
			productName = ManualUI;
			productReference = FE9E33F927F01F2900B25D5C /* ManualUI.app */;
			productType = "com.apple.product-type.application";
		};
		FE9E340E27F01F2C00B25D5C /* ManualUITests */ = {
			isa = PBXNativeTarget;
			buildConfigurationList = FE9E342627F01F2C00B25D5C /* Build configuration list for PBXNativeTarget "ManualUITests" */;
			buildPhases = (
				FE9E340B27F01F2C00B25D5C /* Sources */,
				FE9E340C27F01F2C00B25D5C /* Frameworks */,
				FE9E340D27F01F2C00B25D5C /* Resources */,
			);
			buildRules = (
			);
			dependencies = (
				FE9E341127F01F2C00B25D5C /* PBXTargetDependency */,
			);
			name = ManualUITests;
			productName = ManualUITests;
			productReference = FE9E340F27F01F2C00B25D5C /* ManualUITests.xctest */;
			productType = "com.apple.product-type.bundle.unit-test";
		};
		FE9E341827F01F2C00B25D5C /* ManualUIUITests */ = {
			isa = PBXNativeTarget;
			buildConfigurationList = FE9E342927F01F2C00B25D5C /* Build configuration list for PBXNativeTarget "ManualUIUITests" */;
			buildPhases = (
				FE9E341527F01F2C00B25D5C /* Sources */,
				FE9E341627F01F2C00B25D5C /* Frameworks */,
				FE9E341727F01F2C00B25D5C /* Resources */,
			);
			buildRules = (
			);
			dependencies = (
				FE9E341B27F01F2C00B25D5C /* PBXTargetDependency */,
			);
			name = ManualUIUITests;
			productName = ManualUIUITests;
			productReference = FE9E341927F01F2C00B25D5C /* ManualUIUITests.xctest */;
			productType = "com.apple.product-type.bundle.ui-testing";
		};
/* End PBXNativeTarget section */

/* Begin PBXProject section */
		FE9E33F127F01F2900B25D5C /* Project object */ = {
			isa = PBXProject;
			attributes = {
				BuildIndependentTargetsInParallel = 1;
				LastSwiftUpdateCheck = 1330;
				LastUpgradeCheck = 1330;
				TargetAttributes = {
					FE9E33F827F01F2900B25D5C = {
						CreatedOnToolsVersion = 13.3;
					};
					FE9E340E27F01F2C00B25D5C = {
						CreatedOnToolsVersion = 13.3;
						TestTargetID = FE9E33F827F01F2900B25D5C;
					};
					FE9E341827F01F2C00B25D5C = {
						CreatedOnToolsVersion = 13.3;
						TestTargetID = FE9E33F827F01F2900B25D5C;
					};
				};
			};
			buildConfigurationList = FE9E33F427F01F2900B25D5C /* Build configuration list for PBXProject "ManualUI" */;
			compatibilityVersion = "Xcode 13.0";
			developmentRegion = en;
			hasScannedForEncodings = 0;
			knownRegions = (
				en,
				Base,
			);
			mainGroup = FE9E33F027F01F2800B25D5C;
			productRefGroup = FE9E33FA27F01F2900B25D5C /* Products */;
			projectDirPath = "";
			projectRoot = "";
			targets = (
				FE9E33F827F01F2900B25D5C /* ManualUI */,
				FE9E340E27F01F2C00B25D5C /* ManualUITests */,
				FE9E341827F01F2C00B25D5C /* ManualUIUITests */,
			);
		};
/* End PBXProject section */

/* Begin PBXResourcesBuildPhase section */
		FE9E33F727F01F2900B25D5C /* Resources */ = {
			isa = PBXResourcesBuildPhase;
			buildActionMask = 2147483647;
			files = (
				FE9E340927F01F2C00B25D5C /* LaunchScreen.storyboard in Resources */,
				FE9E340627F01F2C00B25D5C /* Assets.xcassets in Resources */,
				FE9E340427F01F2900B25D5C /* Main.storyboard in Resources */,
			);
			runOnlyForDeploymentPostprocessing = 0;
		};
		FE9E340D27F01F2C00B25D5C /* Resources */ = {
			isa = PBXResourcesBuildPhase;
			buildActionMask = 2147483647;
			files = (
			);
			runOnlyForDeploymentPostprocessing = 0;
		};
		FE9E341727F01F2C00B25D5C /* Resources */ = {
			isa = PBXResourcesBuildPhase;
			buildActionMask = 2147483647;
			files = (
			);
			runOnlyForDeploymentPostprocessing = 0;
		};
/* End PBXResourcesBuildPhase section */

/* Begin PBXSourcesBuildPhase section */
		FE9E33F527F01F2900B25D5C /* Sources */ = {
			isa = PBXSourcesBuildPhase;
			buildActionMask = 2147483647;
			files = (
				FE9E340127F01F2900B25D5C /* ViewController.swift in Sources */,
				FE9E33FD27F01F2900B25D5C /* AppDelegate.swift in Sources */,
				FE9E33FF27F01F2900B25D5C /* SceneDelegate.swift in Sources */,
			);
			runOnlyForDeploymentPostprocessing = 0;
		};
		FE9E340B27F01F2C00B25D5C /* Sources */ = {
			isa = PBXSourcesBuildPhase;
			buildActionMask = 2147483647;
			files = (
				FE9E341427F01F2C00B25D5C /* ManualUITests.swift in Sources */,
			);
			runOnlyForDeploymentPostprocessing = 0;
		};
		FE9E341527F01F2C00B25D5C /* Sources */ = {
			isa = PBXSourcesBuildPhase;
			buildActionMask = 2147483647;
			files = (
				FE9E342027F01F2C00B25D5C /* ManualUIUITestsLaunchTests.swift in Sources */,
				FE9E341E27F01F2C00B25D5C /* ManualUIUITests.swift in Sources */,
			);
			runOnlyForDeploymentPostprocessing = 0;
		};
/* End PBXSourcesBuildPhase section */

/* Begin PBXTargetDependency section */
		FE9E341127F01F2C00B25D5C /* PBXTargetDependency */ = {
			isa = PBXTargetDependency;
			target = FE9E33F827F01F2900B25D5C /* ManualUI */;
			targetProxy = FE9E341027F01F2C00B25D5C /* PBXContainerItemProxy */;
		};
		FE9E341B27F01F2C00B25D5C /* PBXTargetDependency */ = {
			isa = PBXTargetDependency;
			target = FE9E33F827F01F2900B25D5C /* ManualUI */;
			targetProxy = FE9E341A27F01F2C00B25D5C /* PBXContainerItemProxy */;
		};
/* End PBXTargetDependency section */

/* Begin PBXVariantGroup section */
		FE9E340227F01F2900B25D5C /* Main.storyboard */ = {
			isa = PBXVariantGroup;
			children = (
				FE9E340327F01F2900B25D5C /* Base */,
			);
			name = Main.storyboard;
			sourceTree = "<group>";
		};
		FE9E340727F01F2C00B25D5C /* LaunchScreen.storyboard */ = {
			isa = PBXVariantGroup;
			children = (
				FE9E340827F01F2C00B25D5C /* Base */,
			);
			name = LaunchScreen.storyboard;
			sourceTree = "<group>";
		};
/* End PBXVariantGroup section */

/* Begin XCBuildConfiguration section */
		FE9E342127F01F2C00B25D5C /* Debug */ = {
			isa = XCBuildConfiguration;
			buildSettings = {
				ALWAYS_SEARCH_USER_PATHS = NO;
				CLANG_ANALYZER_NONNULL = YES;
				CLANG_ANALYZER_NUMBER_OBJECT_CONVERSION = YES_AGGRESSIVE;
				CLANG_CXX_LANGUAGE_STANDARD = "gnu++17";
				CLANG_ENABLE_MODULES = YES;
				CLANG_ENABLE_OBJC_ARC = YES;
				CLANG_ENABLE_OBJC_WEAK = YES;
				CLANG_WARN_BLOCK_CAPTURE_AUTORELEASING = YES;
				CLANG_WARN_BOOL_CONVERSION = YES;
				CLANG_WARN_COMMA = YES;
				CLANG_WARN_CONSTANT_CONVERSION = YES;
				CLANG_WARN_DEPRECATED_OBJC_IMPLEMENTATIONS = YES;
				CLANG_WARN_DIRECT_OBJC_ISA_USAGE = YES_ERROR;
				CLANG_WARN_DOCUMENTATION_COMMENTS = YES;
				CLANG_WARN_EMPTY_BODY = YES;
				CLANG_WARN_ENUM_CONVERSION = YES;
				CLANG_WARN_INFINITE_RECURSION = YES;
				CLANG_WARN_INT_CONVERSION = YES;
				CLANG_WARN_NON_LITERAL_NULL_CONVERSION = YES;
				CLANG_WARN_OBJC_IMPLICIT_RETAIN_SELF = YES;
				CLANG_WARN_OBJC_LITERAL_CONVERSION = YES;
				CLANG_WARN_OBJC_ROOT_CLASS = YES_ERROR;
				CLANG_WARN_QUOTED_INCLUDE_IN_FRAMEWORK_HEADER = YES;
				CLANG_WARN_RANGE_LOOP_ANALYSIS = YES;
				CLANG_WARN_STRICT_PROTOTYPES = YES;
				CLANG_WARN_SUSPICIOUS_MOVE = YES;
				CLANG_WARN_UNGUARDED_AVAILABILITY = YES_AGGRESSIVE;
				CLANG_WARN_UNREACHABLE_CODE = YES;
				CLANG_WARN__DUPLICATE_METHOD_MATCH = YES;
				COPY_PHASE_STRIP = NO;
				DEBUG_INFORMATION_FORMAT = dwarf;
				ENABLE_STRICT_OBJC_MSGSEND = YES;
				ENABLE_TESTABILITY = YES;
				GCC_C_LANGUAGE_STANDARD = gnu11;
				GCC_DYNAMIC_NO_PIC = NO;
				GCC_NO_COMMON_BLOCKS = YES;
				GCC_OPTIMIZATION_LEVEL = 0;
				GCC_PREPROCESSOR_DEFINITIONS = (
					"DEBUG=1",
					"$(inherited)",
				);
				GCC_WARN_64_TO_32_BIT_CONVERSION = YES;
				GCC_WARN_ABOUT_RETURN_TYPE = YES_ERROR;
				GCC_WARN_UNDECLARED_SELECTOR = YES;
				GCC_WARN_UNINITIALIZED_AUTOS = YES_AGGRESSIVE;
				GCC_WARN_UNUSED_FUNCTION = YES;
				GCC_WARN_UNUSED_VARIABLE = YES;
				IPHONEOS_DEPLOYMENT_TARGET = 15.4;
				MTL_ENABLE_DEBUG_INFO = INCLUDE_SOURCE;
				MTL_FAST_MATH = YES;
				ONLY_ACTIVE_ARCH = YES;
				SDKROOT = iphoneos;
				SWIFT_ACTIVE_COMPILATION_CONDITIONS = DEBUG;
				SWIFT_OPTIMIZATION_LEVEL = "-Onone";
			};
			name = Debug;
		};
		FE9E342227F01F2C00B25D5C /* Release */ = {
			isa = XCBuildConfiguration;
			buildSettings = {
				ALWAYS_SEARCH_USER_PATHS = NO;
				CLANG_ANALYZER_NONNULL = YES;
				CLANG_ANALYZER_NUMBER_OBJECT_CONVERSION = YES_AGGRESSIVE;
				CLANG_CXX_LANGUAGE_STANDARD = "gnu++17";
				CLANG_ENABLE_MODULES = YES;
				CLANG_ENABLE_OBJC_ARC = YES;
				CLANG_ENABLE_OBJC_WEAK = YES;
				CLANG_WARN_BLOCK_CAPTURE_AUTORELEASING = YES;
				CLANG_WARN_BOOL_CONVERSION = YES;
				CLANG_WARN_COMMA = YES;
				CLANG_WARN_CONSTANT_CONVERSION = YES;
				CLANG_WARN_DEPRECATED_OBJC_IMPLEMENTATIONS = YES;
				CLANG_WARN_DIRECT_OBJC_ISA_USAGE = YES_ERROR;
				CLANG_WARN_DOCUMENTATION_COMMENTS = YES;
				CLANG_WARN_EMPTY_BODY = YES;
				CLANG_WARN_ENUM_CONVERSION = YES;
				CLANG_WARN_INFINITE_RECURSION = YES;
				CLANG_WARN_INT_CONVERSION = YES;
				CLANG_WARN_NON_LITERAL_NULL_CONVERSION = YES;
				CLANG_WARN_OBJC_IMPLICIT_RETAIN_SELF = YES;
				CLANG_WARN_OBJC_LITERAL_CONVERSION = YES;
				CLANG_WARN_OBJC_ROOT_CLASS = YES_ERROR;
				CLANG_WARN_QUOTED_INCLUDE_IN_FRAMEWORK_HEADER = YES;
				CLANG_WARN_RANGE_LOOP_ANALYSIS = YES;
				CLANG_WARN_STRICT_PROTOTYPES = YES;
				CLANG_WARN_SUSPICIOUS_MOVE = YES;
				CLANG_WARN_UNGUARDED_AVAILABILITY = YES_AGGRESSIVE;
				CLANG_WARN_UNREACHABLE_CODE = YES;
				CLANG_WARN__DUPLICATE_METHOD_MATCH = YES;
				COPY_PHASE_STRIP = NO;
				DEBUG_INFORMATION_FORMAT = "dwarf-with-dsym";
				ENABLE_NS_ASSERTIONS = NO;
				ENABLE_STRICT_OBJC_MSGSEND = YES;
				GCC_C_LANGUAGE_STANDARD = gnu11;
				GCC_NO_COMMON_BLOCKS = YES;
				GCC_WARN_64_TO_32_BIT_CONVERSION = YES;
				GCC_WARN_ABOUT_RETURN_TYPE = YES_ERROR;
				GCC_WARN_UNDECLARED_SELECTOR = YES;
				GCC_WARN_UNINITIALIZED_AUTOS = YES_AGGRESSIVE;
				GCC_WARN_UNUSED_FUNCTION = YES;
				GCC_WARN_UNUSED_VARIABLE = YES;
				IPHONEOS_DEPLOYMENT_TARGET = 15.4;
				MTL_ENABLE_DEBUG_INFO = NO;
				MTL_FAST_MATH = YES;
				SDKROOT = iphoneos;
				SWIFT_COMPILATION_MODE = wholemodule;
				SWIFT_OPTIMIZATION_LEVEL = "-O";
				VALIDATE_PRODUCT = YES;
			};
			name = Release;
		};
		FE9E342427F01F2C00B25D5C /* Debug */ = {
			isa = XCBuildConfiguration;
			buildSettings = {
				ASSETCATALOG_COMPILER_APPICON_NAME = AppIcon;
				ASSETCATALOG_COMPILER_GLOBAL_ACCENT_COLOR_NAME = AccentColor;
				CODE_SIGN_STYLE = Automatic;
				CURRENT_PROJECT_VERSION = 1;
				GENERATE_INFOPLIST_FILE = YES;
				INFOPLIST_FILE = ManualUI/Info.plist;
				INFOPLIST_KEY_UIApplicationSupportsIndirectInputEvents = YES;
				INFOPLIST_KEY_UILaunchStoryboardName = LaunchScreen;
				INFOPLIST_KEY_UIMainStoryboardFile = Main;
				INFOPLIST_KEY_UISupportedInterfaceOrientations_iPad = "UIInterfaceOrientationPortrait UIInterfaceOrientationPortraitUpsideDown UIInterfaceOrientationLandscapeLeft UIInterfaceOrientationLandscapeRight";
				INFOPLIST_KEY_UISupportedInterfaceOrientations_iPhone = "UIInterfaceOrientationPortrait UIInterfaceOrientationLandscapeLeft UIInterfaceOrientationLandscapeRight";
				LD_RUNPATH_SEARCH_PATHS = (
					"$(inherited)",
					"@executable_path/Frameworks",
				);
				MARKETING_VERSION = 1.0;
				PRODUCT_BUNDLE_IDENTIFIER = com.newardassociates.ios.ManualUI;
				PRODUCT_NAME = "$(TARGET_NAME)";
				SWIFT_EMIT_LOC_STRINGS = YES;
				SWIFT_VERSION = 5.0;
				TARGETED_DEVICE_FAMILY = "1,2";
			};
			name = Debug;
		};
		FE9E342527F01F2C00B25D5C /* Release */ = {
			isa = XCBuildConfiguration;
			buildSettings = {
				ASSETCATALOG_COMPILER_APPICON_NAME = AppIcon;
				ASSETCATALOG_COMPILER_GLOBAL_ACCENT_COLOR_NAME = AccentColor;
				CODE_SIGN_STYLE = Automatic;
				CURRENT_PROJECT_VERSION = 1;
				GENERATE_INFOPLIST_FILE = YES;
				INFOPLIST_FILE = ManualUI/Info.plist;
				INFOPLIST_KEY_UIApplicationSupportsIndirectInputEvents = YES;
				INFOPLIST_KEY_UILaunchStoryboardName = LaunchScreen;
				INFOPLIST_KEY_UIMainStoryboardFile = Main;
				INFOPLIST_KEY_UISupportedInterfaceOrientations_iPad = "UIInterfaceOrientationPortrait UIInterfaceOrientationPortraitUpsideDown UIInterfaceOrientationLandscapeLeft UIInterfaceOrientationLandscapeRight";
				INFOPLIST_KEY_UISupportedInterfaceOrientations_iPhone = "UIInterfaceOrientationPortrait UIInterfaceOrientationLandscapeLeft UIInterfaceOrientationLandscapeRight";
				LD_RUNPATH_SEARCH_PATHS = (
					"$(inherited)",
					"@executable_path/Frameworks",
				);
				MARKETING_VERSION = 1.0;
				PRODUCT_BUNDLE_IDENTIFIER = com.newardassociates.ios.ManualUI;
				PRODUCT_NAME = "$(TARGET_NAME)";
				SWIFT_EMIT_LOC_STRINGS = YES;
				SWIFT_VERSION = 5.0;
				TARGETED_DEVICE_FAMILY = "1,2";
			};
			name = Release;
		};
		FE9E342727F01F2C00B25D5C /* Debug */ = {
			isa = XCBuildConfiguration;
			buildSettings = {
				ALWAYS_EMBED_SWIFT_STANDARD_LIBRARIES = YES;
				BUNDLE_LOADER = "$(TEST_HOST)";
				CODE_SIGN_STYLE = Automatic;
				CURRENT_PROJECT_VERSION = 1;
				GENERATE_INFOPLIST_FILE = YES;
				IPHONEOS_DEPLOYMENT_TARGET = 15.4;
				MARKETING_VERSION = 1.0;
				PRODUCT_BUNDLE_IDENTIFIER = com.newardassociates.ios.ManualUITests;
				PRODUCT_NAME = "$(TARGET_NAME)";
				SWIFT_EMIT_LOC_STRINGS = NO;
				SWIFT_VERSION = 5.0;
				TARGETED_DEVICE_FAMILY = "1,2";
				TEST_HOST = "$(BUILT_PRODUCTS_DIR)/ManualUI.app/ManualUI";
			};
			name = Debug;
		};
		FE9E342827F01F2C00B25D5C /* Release */ = {
			isa = XCBuildConfiguration;
			buildSettings = {
				ALWAYS_EMBED_SWIFT_STANDARD_LIBRARIES = YES;
				BUNDLE_LOADER = "$(TEST_HOST)";
				CODE_SIGN_STYLE = Automatic;
				CURRENT_PROJECT_VERSION = 1;
				GENERATE_INFOPLIST_FILE = YES;
				IPHONEOS_DEPLOYMENT_TARGET = 15.4;
				MARKETING_VERSION = 1.0;
				PRODUCT_BUNDLE_IDENTIFIER = com.newardassociates.ios.ManualUITests;
				PRODUCT_NAME = "$(TARGET_NAME)";
				SWIFT_EMIT_LOC_STRINGS = NO;
				SWIFT_VERSION = 5.0;
				TARGETED_DEVICE_FAMILY = "1,2";
				TEST_HOST = "$(BUILT_PRODUCTS_DIR)/ManualUI.app/ManualUI";
			};
			name = Release;
		};
		FE9E342A27F01F2C00B25D5C /* Debug */ = {
			isa = XCBuildConfiguration;
			buildSettings = {
				ALWAYS_EMBED_SWIFT_STANDARD_LIBRARIES = YES;
				CODE_SIGN_STYLE = Automatic;
				CURRENT_PROJECT_VERSION = 1;
				GENERATE_INFOPLIST_FILE = YES;
				MARKETING_VERSION = 1.0;
				PRODUCT_BUNDLE_IDENTIFIER = com.newardassociates.ios.ManualUIUITests;
				PRODUCT_NAME = "$(TARGET_NAME)";
				SWIFT_EMIT_LOC_STRINGS = NO;
				SWIFT_VERSION = 5.0;
				TARGETED_DEVICE_FAMILY = "1,2";
				TEST_TARGET_NAME = ManualUI;
			};
			name = Debug;
		};
		FE9E342B27F01F2C00B25D5C /* Release */ = {
			isa = XCBuildConfiguration;
			buildSettings = {
				ALWAYS_EMBED_SWIFT_STANDARD_LIBRARIES = YES;
				CODE_SIGN_STYLE = Automatic;
				CURRENT_PROJECT_VERSION = 1;
				GENERATE_INFOPLIST_FILE = YES;
				MARKETING_VERSION = 1.0;
				PRODUCT_BUNDLE_IDENTIFIER = com.newardassociates.ios.ManualUIUITests;
				PRODUCT_NAME = "$(TARGET_NAME)";
				SWIFT_EMIT_LOC_STRINGS = NO;
				SWIFT_VERSION = 5.0;
				TARGETED_DEVICE_FAMILY = "1,2";
				TEST_TARGET_NAME = ManualUI;
			};
			name = Release;
		};
/* End XCBuildConfiguration section */

/* Begin XCConfigurationList section */
		FE9E33F427F01F2900B25D5C /* Build configuration list for PBXProject "ManualUI" */ = {
			isa = XCConfigurationList;
			buildConfigurations = (
				FE9E342127F01F2C00B25D5C /* Debug */,
				FE9E342227F01F2C00B25D5C /* Release */,
			);
			defaultConfigurationIsVisible = 0;
			defaultConfigurationName = Release;
		};
		FE9E342327F01F2C00B25D5C /* Build configuration list for PBXNativeTarget "ManualUI" */ = {
			isa = XCConfigurationList;
			buildConfigurations = (
				FE9E342427F01F2C00B25D5C /* Debug */,
				FE9E342527F01F2C00B25D5C /* Release */,
			);
			defaultConfigurationIsVisible = 0;
			defaultConfigurationName = Release;
		};
		FE9E342627F01F2C00B25D5C /* Build configuration list for PBXNativeTarget "ManualUITests" */ = {
			isa = XCConfigurationList;
			buildConfigurations = (
				FE9E342727F01F2C00B25D5C /* Debug */,
				FE9E342827F01F2C00B25D5C /* Release */,
			);
			defaultConfigurationIsVisible = 0;
			defaultConfigurationName = Release;
		};
		FE9E342927F01F2C00B25D5C /* Build configuration list for PBXNativeTarget "ManualUIUITests" */ = {
			isa = XCConfigurationList;
			buildConfigurations = (
				FE9E342A27F01F2C00B25D5C /* Debug */,
				FE9E342B27F01F2C00B25D5C /* Release */,
			);
			defaultConfigurationIsVisible = 0;
			defaultConfigurationName = Release;
		};
/* End XCConfigurationList section */
	};
	rootObject = FE9E33F127F01F2900B25D5C /* Project object */;
}
