// !$*UTF8*$!
{
	archiveVersion = 1;
	classes = {
	};
	objectVersion = 77;
	objects = {

/* Begin PBXContainerItemProxy section */
		FE0C01882DC9A0A500FF3127 /* PBXContainerItemProxy */ = {
			isa = PBXContainerItemProxy;
			containerPortal = FE0C01692DC9A0A400FF3127 /* Project object */;
			proxyType = 1;
			remoteGlobalIDString = FE0C01702DC9A0A400FF3127;
			remoteInfo = SleepyApp;
		};
		FE0C01922DC9A0A500FF3127 /* PBXContainerItemProxy */ = {
			isa = PBXContainerItemProxy;
			containerPortal = FE0C01692DC9A0A400FF3127 /* Project object */;
			proxyType = 1;
			remoteGlobalIDString = FE0C01702DC9A0A400FF3127;
			remoteInfo = SleepyApp;
		};
/* End PBXContainerItemProxy section */

/* Begin PBXFileReference section */
		FE0C01712DC9A0A400FF3127 /* SleepyApp.app */ = {isa = PBXFileReference; explicitFileType = wrapper.application; includeInIndex = 0; path = SleepyApp.app; sourceTree = BUILT_PRODUCTS_DIR; };
		FE0C01872DC9A0A500FF3127 /* SleepyAppTests.xctest */ = {isa = PBXFileReference; explicitFileType = wrapper.cfbundle; includeInIndex = 0; path = SleepyAppTests.xctest; sourceTree = BUILT_PRODUCTS_DIR; };
		FE0C01912DC9A0A500FF3127 /* SleepyAppUITests.xctest */ = {isa = PBXFileReference; explicitFileType = wrapper.cfbundle; includeInIndex = 0; path = SleepyAppUITests.xctest; sourceTree = BUILT_PRODUCTS_DIR; };
/* End PBXFileReference section */

/* Begin PBXFileSystemSynchronizedBuildFileExceptionSet section */
		FE0C01992DC9A0A500FF3127 /* Exceptions for "SleepyApp" folder in "SleepyApp" target */ = {
			isa = PBXFileSystemSynchronizedBuildFileExceptionSet;
			membershipExceptions = (
				Info.plist,
			);
			target = FE0C01702DC9A0A400FF3127 /* SleepyApp */;
		};
/* End PBXFileSystemSynchronizedBuildFileExceptionSet section */

/* Begin PBXFileSystemSynchronizedRootGroup section */
		FE0C01732DC9A0A400FF3127 /* SleepyApp */ = {
			isa = PBXFileSystemSynchronizedRootGroup;
			exceptions = (
				FE0C01992DC9A0A500FF3127 /* Exceptions for "SleepyApp" folder in "SleepyApp" target */,
			);
			path = SleepyApp;
			sourceTree = "<group>";
		};
		FE0C018A2DC9A0A500FF3127 /* SleepyAppTests */ = {
			isa = PBXFileSystemSynchronizedRootGroup;
			path = SleepyAppTests;
			sourceTree = "<group>";
		};
		FE0C01942DC9A0A500FF3127 /* SleepyAppUITests */ = {
			isa = PBXFileSystemSynchronizedRootGroup;
			path = SleepyAppUITests;
			sourceTree = "<group>";
		};
/* End PBXFileSystemSynchronizedRootGroup section */

/* Begin PBXFrameworksBuildPhase section */
		FE0C016E2DC9A0A400FF3127 /* Frameworks */ = {
			isa = PBXFrameworksBuildPhase;
			buildActionMask = 2147483647;
			files = (
			);
			runOnlyForDeploymentPostprocessing = 0;
		};
		FE0C01842DC9A0A500FF3127 /* Frameworks */ = {
			isa = PBXFrameworksBuildPhase;
			buildActionMask = 2147483647;
			files = (
			);
			runOnlyForDeploymentPostprocessing = 0;
		};
		FE0C018E2DC9A0A500FF3127 /* Frameworks */ = {
			isa = PBXFrameworksBuildPhase;
			buildActionMask = 2147483647;
			files = (
			);
			runOnlyForDeploymentPostprocessing = 0;
		};
/* End PBXFrameworksBuildPhase section */

/* Begin PBXGroup section */
		FE0C01682DC9A0A400FF3127 = {
			isa = PBXGroup;
			children = (
				FE0C01732DC9A0A400FF3127 /* SleepyApp */,
				FE0C018A2DC9A0A500FF3127 /* SleepyAppTests */,
				FE0C01942DC9A0A500FF3127 /* SleepyAppUITests */,
				FE0C01722DC9A0A400FF3127 /* Products */,
			);
			sourceTree = "<group>";
		};
		FE0C01722DC9A0A400FF3127 /* Products */ = {
			isa = PBXGroup;
			children = (
				FE0C01712DC9A0A400FF3127 /* SleepyApp.app */,
				FE0C01872DC9A0A500FF3127 /* SleepyAppTests.xctest */,
				FE0C01912DC9A0A500FF3127 /* SleepyAppUITests.xctest */,
			);
			name = Products;
			sourceTree = "<group>";
		};
/* End PBXGroup section */

/* Begin PBXNativeTarget section */
		FE0C01702DC9A0A400FF3127 /* SleepyApp */ = {
			isa = PBXNativeTarget;
			buildConfigurationList = FE0C019A2DC9A0A500FF3127 /* Build configuration list for PBXNativeTarget "SleepyApp" */;
			buildPhases = (
				FE0C016D2DC9A0A400FF3127 /* Sources */,
				FE0C016E2DC9A0A400FF3127 /* Frameworks */,
				FE0C016F2DC9A0A400FF3127 /* Resources */,
			);
			buildRules = (
			);
			dependencies = (
			);
			fileSystemSynchronizedGroups = (
				FE0C01732DC9A0A400FF3127 /* SleepyApp */,
			);
			name = SleepyApp;
			packageProductDependencies = (
			);
			productName = SleepyApp;
			productReference = FE0C01712DC9A0A400FF3127 /* SleepyApp.app */;
			productType = "com.apple.product-type.application";
		};
		FE0C01862DC9A0A500FF3127 /* SleepyAppTests */ = {
			isa = PBXNativeTarget;
			buildConfigurationList = FE0C019F2DC9A0A500FF3127 /* Build configuration list for PBXNativeTarget "SleepyAppTests" */;
			buildPhases = (
				FE0C01832DC9A0A500FF3127 /* Sources */,
				FE0C01842DC9A0A500FF3127 /* Frameworks */,
				FE0C01852DC9A0A500FF3127 /* Resources */,
			);
			buildRules = (
			);
			dependencies = (
				FE0C01892DC9A0A500FF3127 /* PBXTargetDependency */,
			);
			fileSystemSynchronizedGroups = (
				FE0C018A2DC9A0A500FF3127 /* SleepyAppTests */,
			);
			name = SleepyAppTests;
			packageProductDependencies = (
			);
			productName = SleepyAppTests;
			productReference = FE0C01872DC9A0A500FF3127 /* SleepyAppTests.xctest */;
			productType = "com.apple.product-type.bundle.unit-test";
		};
		FE0C01902DC9A0A500FF3127 /* SleepyAppUITests */ = {
			isa = PBXNativeTarget;
			buildConfigurationList = FE0C01A22DC9A0A500FF3127 /* Build configuration list for PBXNativeTarget "SleepyAppUITests" */;
			buildPhases = (
				FE0C018D2DC9A0A500FF3127 /* Sources */,
				FE0C018E2DC9A0A500FF3127 /* Frameworks */,
				FE0C018F2DC9A0A500FF3127 /* Resources */,
			);
			buildRules = (
			);
			dependencies = (
				FE0C01932DC9A0A500FF3127 /* PBXTargetDependency */,
			);
			fileSystemSynchronizedGroups = (
				FE0C01942DC9A0A500FF3127 /* SleepyAppUITests */,
			);
			name = SleepyAppUITests;
			packageProductDependencies = (
			);
			productName = SleepyAppUITests;
			productReference = FE0C01912DC9A0A500FF3127 /* SleepyAppUITests.xctest */;
			productType = "com.apple.product-type.bundle.ui-testing";
		};
/* End PBXNativeTarget section */

/* Begin PBXProject section */
		FE0C01692DC9A0A400FF3127 /* Project object */ = {
			isa = PBXProject;
			attributes = {
				BuildIndependentTargetsInParallel = 1;
				LastSwiftUpdateCheck = 1630;
				LastUpgradeCheck = 1630;
				TargetAttributes = {
					FE0C01702DC9A0A400FF3127 = {
						CreatedOnToolsVersion = 16.3;
					};
					FE0C01862DC9A0A500FF3127 = {
						CreatedOnToolsVersion = 16.3;
						TestTargetID = FE0C01702DC9A0A400FF3127;
					};
					FE0C01902DC9A0A500FF3127 = {
						CreatedOnToolsVersion = 16.3;
						TestTargetID = FE0C01702DC9A0A400FF3127;
					};
				};
			};
			buildConfigurationList = FE0C016C2DC9A0A400FF3127 /* Build configuration list for PBXProject "SleepyApp" */;
			developmentRegion = en;
			hasScannedForEncodings = 0;
			knownRegions = (
				en,
				Base,
			);
			mainGroup = FE0C01682DC9A0A400FF3127;
			minimizedProjectReferenceProxies = 1;
			preferredProjectObjectVersion = 77;
			productRefGroup = FE0C01722DC9A0A400FF3127 /* Products */;
			projectDirPath = "";
			projectRoot = "";
			targets = (
				FE0C01702DC9A0A400FF3127 /* SleepyApp */,
				FE0C01862DC9A0A500FF3127 /* SleepyAppTests */,
				FE0C01902DC9A0A500FF3127 /* SleepyAppUITests */,
			);
		};
/* End PBXProject section */

/* Begin PBXResourcesBuildPhase section */
		FE0C016F2DC9A0A400FF3127 /* Resources */ = {
			isa = PBXResourcesBuildPhase;
			buildActionMask = 2147483647;
			files = (
			);
			runOnlyForDeploymentPostprocessing = 0;
		};
		FE0C01852DC9A0A500FF3127 /* Resources */ = {
			isa = PBXResourcesBuildPhase;
			buildActionMask = 2147483647;
			files = (
			);
			runOnlyForDeploymentPostprocessing = 0;
		};
		FE0C018F2DC9A0A500FF3127 /* Resources */ = {
			isa = PBXResourcesBuildPhase;
			buildActionMask = 2147483647;
			files = (
			);
			runOnlyForDeploymentPostprocessing = 0;
		};
/* End PBXResourcesBuildPhase section */

/* Begin PBXSourcesBuildPhase section */
		FE0C016D2DC9A0A400FF3127 /* Sources */ = {
			isa = PBXSourcesBuildPhase;
			buildActionMask = 2147483647;
			files = (
			);
			runOnlyForDeploymentPostprocessing = 0;
		};
		FE0C01832DC9A0A500FF3127 /* Sources */ = {
			isa = PBXSourcesBuildPhase;
			buildActionMask = 2147483647;
			files = (
			);
			runOnlyForDeploymentPostprocessing = 0;
		};
		FE0C018D2DC9A0A500FF3127 /* Sources */ = {
			isa = PBXSourcesBuildPhase;
			buildActionMask = 2147483647;
			files = (
			);
			runOnlyForDeploymentPostprocessing = 0;
		};
/* End PBXSourcesBuildPhase section */

/* Begin PBXTargetDependency section */
		FE0C01892DC9A0A500FF3127 /* PBXTargetDependency */ = {
			isa = PBXTargetDependency;
			target = FE0C01702DC9A0A400FF3127 /* SleepyApp */;
			targetProxy = FE0C01882DC9A0A500FF3127 /* PBXContainerItemProxy */;
		};
		FE0C01932DC9A0A500FF3127 /* PBXTargetDependency */ = {
			isa = PBXTargetDependency;
			target = FE0C01702DC9A0A400FF3127 /* SleepyApp */;
			targetProxy = FE0C01922DC9A0A500FF3127 /* PBXContainerItemProxy */;
		};
/* End PBXTargetDependency section */

/* Begin XCBuildConfiguration section */
		FE0C019B2DC9A0A500FF3127 /* Debug */ = {
			isa = XCBuildConfiguration;
			buildSettings = {
				ASSETCATALOG_COMPILER_APPICON_NAME = AppIcon;
				ASSETCATALOG_COMPILER_GLOBAL_ACCENT_COLOR_NAME = AccentColor;
				CODE_SIGN_STYLE = Automatic;
				CURRENT_PROJECT_VERSION = 1;
				GENERATE_INFOPLIST_FILE = YES;
				INFOPLIST_FILE = SleepyApp/Info.plist;
				INFOPLIST_KEY_UIApplicationSupportsIndirectInputEvents = YES;
				INFOPLIST_KEY_UILaunchStoryboardName = LaunchScreen;
				INFOPLIST_KEY_UIMainStoryboardFile = Main;
				INFOPLIST_KEY_UISupportedInterfaceOrientations_iPad = "UIInterfaceOrientationPortrait UIInterfaceOrientationPortraitUpsideDown UIInterfaceOrientationLandscapeLeft UIInterfaceOrientationLandscapeRight";
				INFOPLIST_KEY_UISupportedInterfaceOrientations_iPhone = "UIInterfaceOrientationPortrait UIInterfaceOrientationLandscapeLeft UIInterfaceOrientationLandscapeRight";
				LD_RUNPATH_SEARCH_PATHS = (
					"$(inherited)",
					"@executable_path/Frameworks",
				);
				MARKETING_VERSION = 1.0;
				PRODUCT_BUNDLE_IDENTIFIER = edu.uw.ischool.newart.demos.SleepyApp;
				PRODUCT_NAME = "$(TARGET_NAME)";
				SWIFT_EMIT_LOC_STRINGS = YES;
				SWIFT_VERSION = 5.0;
				TARGETED_DEVICE_FAMILY = "1,2";
			};
			name = Debug;
		};
		FE0C019C2DC9A0A500FF3127 /* Release */ = {
			isa = XCBuildConfiguration;
			buildSettings = {
				ASSETCATALOG_COMPILER_APPICON_NAME = AppIcon;
				ASSETCATALOG_COMPILER_GLOBAL_ACCENT_COLOR_NAME = AccentColor;
				CODE_SIGN_STYLE = Automatic;
				CURRENT_PROJECT_VERSION = 1;
				GENERATE_INFOPLIST_FILE = YES;
				INFOPLIST_FILE = SleepyApp/Info.plist;
				INFOPLIST_KEY_UIApplicationSupportsIndirectInputEvents = YES;
				INFOPLIST_KEY_UILaunchStoryboardName = LaunchScreen;
				INFOPLIST_KEY_UIMainStoryboardFile = Main;
				INFOPLIST_KEY_UISupportedInterfaceOrientations_iPad = "UIInterfaceOrientationPortrait UIInterfaceOrientationPortraitUpsideDown UIInterfaceOrientationLandscapeLeft UIInterfaceOrientationLandscapeRight";
				INFOPLIST_KEY_UISupportedInterfaceOrientations_iPhone = "UIInterfaceOrientationPortrait UIInterfaceOrientationLandscapeLeft UIInterfaceOrientationLandscapeRight";
				LD_RUNPATH_SEARCH_PATHS = (
					"$(inherited)",
					"@executable_path/Frameworks",
				);
				MARKETING_VERSION = 1.0;
				PRODUCT_BUNDLE_IDENTIFIER = edu.uw.ischool.newart.demos.SleepyApp;
				PRODUCT_NAME = "$(TARGET_NAME)";
				SWIFT_EMIT_LOC_STRINGS = YES;
				SWIFT_VERSION = 5.0;
				TARGETED_DEVICE_FAMILY = "1,2";
			};
			name = Release;
		};
		FE0C019D2DC9A0A500FF3127 /* Debug */ = {
			isa = XCBuildConfiguration;
			buildSettings = {
				ALWAYS_SEARCH_USER_PATHS = NO;
				ASSETCATALOG_COMPILER_GENERATE_SWIFT_ASSET_SYMBOL_EXTENSIONS = YES;
				CLANG_ANALYZER_NONNULL = YES;
				CLANG_ANALYZER_NUMBER_OBJECT_CONVERSION = YES_AGGRESSIVE;
				CLANG_CXX_LANGUAGE_STANDARD = "gnu++20";
				CLANG_ENABLE_MODULES = YES;
				CLANG_ENABLE_OBJC_ARC = YES;
				CLANG_ENABLE_OBJC_WEAK = YES;
				CLANG_WARN_BLOCK_CAPTURE_AUTORELEASING = YES;
				CLANG_WARN_BOOL_CONVERSION = YES;
				CLANG_WARN_COMMA = YES;
				CLANG_WARN_CONSTANT_CONVERSION = YES;
				CLANG_WARN_DEPRECATED_OBJC_IMPLEMENTATIONS = YES;
				CLANG_WARN_DIRECT_OBJC_ISA_USAGE = YES_ERROR;
				CLANG_WARN_DOCUMENTATION_COMMENTS = YES;
				CLANG_WARN_EMPTY_BODY = YES;
				CLANG_WARN_ENUM_CONVERSION = YES;
				CLANG_WARN_INFINITE_RECURSION = YES;
				CLANG_WARN_INT_CONVERSION = YES;
				CLANG_WARN_NON_LITERAL_NULL_CONVERSION = YES;
				CLANG_WARN_OBJC_IMPLICIT_RETAIN_SELF = YES;
				CLANG_WARN_OBJC_LITERAL_CONVERSION = YES;
				CLANG_WARN_OBJC_ROOT_CLASS = YES_ERROR;
				CLANG_WARN_QUOTED_INCLUDE_IN_FRAMEWORK_HEADER = YES;
				CLANG_WARN_RANGE_LOOP_ANALYSIS = YES;
				CLANG_WARN_STRICT_PROTOTYPES = YES;
				CLANG_WARN_SUSPICIOUS_MOVE = YES;
				CLANG_WARN_UNGUARDED_AVAILABILITY = YES_AGGRESSIVE;
				CLANG_WARN_UNREACHABLE_CODE = YES;
				CLANG_WARN__DUPLICATE_METHOD_MATCH = YES;
				COPY_PHASE_STRIP = NO;
				DEBUG_INFORMATION_FORMAT = dwarf;
				ENABLE_STRICT_OBJC_MSGSEND = YES;
				ENABLE_TESTABILITY = YES;
				ENABLE_USER_SCRIPT_SANDBOXING = YES;
				GCC_C_LANGUAGE_STANDARD = gnu17;
				GCC_DYNAMIC_NO_PIC = NO;
				GCC_NO_COMMON_BLOCKS = YES;
				GCC_OPTIMIZATION_LEVEL = 0;
				GCC_PREPROCESSOR_DEFINITIONS = (
					"DEBUG=1",
					"$(inherited)",
				);
				GCC_WARN_64_TO_32_BIT_CONVERSION = YES;
				GCC_WARN_ABOUT_RETURN_TYPE = YES_ERROR;
				GCC_WARN_UNDECLARED_SELECTOR = YES;
				GCC_WARN_UNINITIALIZED_AUTOS = YES_AGGRESSIVE;
				GCC_WARN_UNUSED_FUNCTION = YES;
				GCC_WARN_UNUSED_VARIABLE = YES;
				IPHONEOS_DEPLOYMENT_TARGET = 18.4;
				LOCALIZATION_PREFERS_STRING_CATALOGS = YES;
				MTL_ENABLE_DEBUG_INFO = INCLUDE_SOURCE;
				MTL_FAST_MATH = YES;
				ONLY_ACTIVE_ARCH = YES;
				SDKROOT = iphoneos;
				SWIFT_ACTIVE_COMPILATION_CONDITIONS = "DEBUG $(inherited)";
				SWIFT_OPTIMIZATION_LEVEL = "-Onone";
			};
			name = Debug;
		};
		FE0C019E2DC9A0A500FF3127 /* Release */ = {
			isa = XCBuildConfiguration;
			buildSettings = {
				ALWAYS_SEARCH_USER_PATHS = NO;
				ASSETCATALOG_COMPILER_GENERATE_SWIFT_ASSET_SYMBOL_EXTENSIONS = YES;
				CLANG_ANALYZER_NONNULL = YES;
				CLANG_ANALYZER_NUMBER_OBJECT_CONVERSION = YES_AGGRESSIVE;
				CLANG_CXX_LANGUAGE_STANDARD = "gnu++20";
				CLANG_ENABLE_MODULES = YES;
				CLANG_ENABLE_OBJC_ARC = YES;
				CLANG_ENABLE_OBJC_WEAK = YES;
				CLANG_WARN_BLOCK_CAPTURE_AUTORELEASING = YES;
				CLANG_WARN_BOOL_CONVERSION = YES;
				CLANG_WARN_COMMA = YES;
				CLANG_WARN_CONSTANT_CONVERSION = YES;
				CLANG_WARN_DEPRECATED_OBJC_IMPLEMENTATIONS = YES;
				CLANG_WARN_DIRECT_OBJC_ISA_USAGE = YES_ERROR;
				CLANG_WARN_DOCUMENTATION_COMMENTS = YES;
				CLANG_WARN_EMPTY_BODY = YES;
				CLANG_WARN_ENUM_CONVERSION = YES;
				CLANG_WARN_INFINITE_RECURSION = YES;
				CLANG_WARN_INT_CONVERSION = YES;
				CLANG_WARN_NON_LITERAL_NULL_CONVERSION = YES;
				CLANG_WARN_OBJC_IMPLICIT_RETAIN_SELF = YES;
				CLANG_WARN_OBJC_LITERAL_CONVERSION = YES;
				CLANG_WARN_OBJC_ROOT_CLASS = YES_ERROR;
				CLANG_WARN_QUOTED_INCLUDE_IN_FRAMEWORK_HEADER = YES;
				CLANG_WARN_RANGE_LOOP_ANALYSIS = YES;
				CLANG_WARN_STRICT_PROTOTYPES = YES;
				CLANG_WARN_SUSPICIOUS_MOVE = YES;
				CLANG_WARN_UNGUARDED_AVAILABILITY = YES_AGGRESSIVE;
				CLANG_WARN_UNREACHABLE_CODE = YES;
				CLANG_WARN__DUPLICATE_METHOD_MATCH = YES;
				COPY_PHASE_STRIP = NO;
				DEBUG_INFORMATION_FORMAT = "dwarf-with-dsym";
				ENABLE_NS_ASSERTIONS = NO;
				ENABLE_STRICT_OBJC_MSGSEND = YES;
				ENABLE_USER_SCRIPT_SANDBOXING = YES;
				GCC_C_LANGUAGE_STANDARD = gnu17;
				GCC_NO_COMMON_BLOCKS = YES;
				GCC_WARN_64_TO_32_BIT_CONVERSION = YES;
				GCC_WARN_ABOUT_RETURN_TYPE = YES_ERROR;
				GCC_WARN_UNDECLARED_SELECTOR = YES;
				GCC_WARN_UNINITIALIZED_AUTOS = YES_AGGRESSIVE;
				GCC_WARN_UNUSED_FUNCTION = YES;
				GCC_WARN_UNUSED_VARIABLE = YES;
				IPHONEOS_DEPLOYMENT_TARGET = 18.4;
				LOCALIZATION_PREFERS_STRING_CATALOGS = YES;
				MTL_ENABLE_DEBUG_INFO = NO;
				MTL_FAST_MATH = YES;
				SDKROOT = iphoneos;
				SWIFT_COMPILATION_MODE = wholemodule;
				VALIDATE_PRODUCT = YES;
			};
			name = Release;
		};
		FE0C01A02DC9A0A500FF3127 /* Debug */ = {
			isa = XCBuildConfiguration;
			buildSettings = {
				BUNDLE_LOADER = "$(TEST_HOST)";
				CODE_SIGN_STYLE = Automatic;
				CURRENT_PROJECT_VERSION = 1;
				GENERATE_INFOPLIST_FILE = YES;
				IPHONEOS_DEPLOYMENT_TARGET = 18.4;
				MARKETING_VERSION = 1.0;
				PRODUCT_BUNDLE_IDENTIFIER = edu.uw.ischool.newart.demos.SleepyAppTests;
				PRODUCT_NAME = "$(TARGET_NAME)";
				SWIFT_EMIT_LOC_STRINGS = NO;
				SWIFT_VERSION = 5.0;
				TARGETED_DEVICE_FAMILY = "1,2";
				TEST_HOST = "$(BUILT_PRODUCTS_DIR)/SleepyApp.app/$(BUNDLE_EXECUTABLE_FOLDER_PATH)/SleepyApp";
			};
			name = Debug;
		};
		FE0C01A12DC9A0A500FF3127 /* Release */ = {
			isa = XCBuildConfiguration;
			buildSettings = {
				BUNDLE_LOADER = "$(TEST_HOST)";
				CODE_SIGN_STYLE = Automatic;
				CURRENT_PROJECT_VERSION = 1;
				GENERATE_INFOPLIST_FILE = YES;
				IPHONEOS_DEPLOYMENT_TARGET = 18.4;
				MARKETING_VERSION = 1.0;
				PRODUCT_BUNDLE_IDENTIFIER = edu.uw.ischool.newart.demos.SleepyAppTests;
				PRODUCT_NAME = "$(TARGET_NAME)";
				SWIFT_EMIT_LOC_STRINGS = NO;
				SWIFT_VERSION = 5.0;
				TARGETED_DEVICE_FAMILY = "1,2";
				TEST_HOST = "$(BUILT_PRODUCTS_DIR)/SleepyApp.app/$(BUNDLE_EXECUTABLE_FOLDER_PATH)/SleepyApp";
			};
			name = Release;
		};
		FE0C01A32DC9A0A500FF3127 /* Debug */ = {
			isa = XCBuildConfiguration;
			buildSettings = {
				CODE_SIGN_STYLE = Automatic;
				CURRENT_PROJECT_VERSION = 1;
				GENERATE_INFOPLIST_FILE = YES;
				MARKETING_VERSION = 1.0;
				PRODUCT_BUNDLE_IDENTIFIER = edu.uw.ischool.newart.demos.SleepyAppUITests;
				PRODUCT_NAME = "$(TARGET_NAME)";
				SWIFT_EMIT_LOC_STRINGS = NO;
				SWIFT_VERSION = 5.0;
				TARGETED_DEVICE_FAMILY = "1,2";
				TEST_TARGET_NAME = SleepyApp;
			};
			name = Debug;
		};
		FE0C01A42DC9A0A500FF3127 /* Release */ = {
			isa = XCBuildConfiguration;
			buildSettings = {
				CODE_SIGN_STYLE = Automatic;
				CURRENT_PROJECT_VERSION = 1;
				GENERATE_INFOPLIST_FILE = YES;
				MARKETING_VERSION = 1.0;
				PRODUCT_BUNDLE_IDENTIFIER = edu.uw.ischool.newart.demos.SleepyAppUITests;
				PRODUCT_NAME = "$(TARGET_NAME)";
				SWIFT_EMIT_LOC_STRINGS = NO;
				SWIFT_VERSION = 5.0;
				TARGETED_DEVICE_FAMILY = "1,2";
				TEST_TARGET_NAME = SleepyApp;
			};
			name = Release;
		};
/* End XCBuildConfiguration section */

/* Begin XCConfigurationList section */
		FE0C016C2DC9A0A400FF3127 /* Build configuration list for PBXProject "SleepyApp" */ = {
			isa = XCConfigurationList;
			buildConfigurations = (
				FE0C019D2DC9A0A500FF3127 /* Debug */,
				FE0C019E2DC9A0A500FF3127 /* Release */,
			);
			defaultConfigurationIsVisible = 0;
			defaultConfigurationName = Release;
		};
		FE0C019A2DC9A0A500FF3127 /* Build configuration list for PBXNativeTarget "SleepyApp" */ = {
			isa = XCConfigurationList;
			buildConfigurations = (
				FE0C019B2DC9A0A500FF3127 /* Debug */,
				FE0C019C2DC9A0A500FF3127 /* Release */,
			);
			defaultConfigurationIsVisible = 0;
			defaultConfigurationName = Release;
		};
		FE0C019F2DC9A0A500FF3127 /* Build configuration list for PBXNativeTarget "SleepyAppTests" */ = {
			isa = XCConfigurationList;
			buildConfigurations = (
				FE0C01A02DC9A0A500FF3127 /* Debug */,
				FE0C01A12DC9A0A500FF3127 /* Release */,
			);
			defaultConfigurationIsVisible = 0;
			defaultConfigurationName = Release;
		};
		FE0C01A22DC9A0A500FF3127 /* Build configuration list for PBXNativeTarget "SleepyAppUITests" */ = {
			isa = XCConfigurationList;
			buildConfigurations = (
				FE0C01A32DC9A0A500FF3127 /* Debug */,
				FE0C01A42DC9A0A500FF3127 /* Release */,
			);
			defaultConfigurationIsVisible = 0;
			defaultConfigurationName = Release;
		};
/* End XCConfigurationList section */
	};
	rootObject = FE0C01692DC9A0A400FF3127 /* Project object */;
}
