// !$*UTF8*$!
{
	archiveVersion = 1;
	classes = {
	};
	objectVersion = 56;
	objects = {

/* Begin PBXBuildFile section */
		FE6F969F2BB126380070D49B /* AppDelegate.swift in Sources */ = {isa = PBXBuildFile; fileRef = FE6F969E2BB126380070D49B /* AppDelegate.swift */; };
		FE6F96A12BB126380070D49B /* SceneDelegate.swift in Sources */ = {isa = PBXBuildFile; fileRef = FE6F96A02BB126380070D49B /* SceneDelegate.swift */; };
		FE6F96A32BB126380070D49B /* ViewController.swift in Sources */ = {isa = PBXBuildFile; fileRef = FE6F96A22BB126380070D49B /* ViewController.swift */; };
		FE6F96A62BB126380070D49B /* Main.storyboard in Resources */ = {isa = PBXBuildFile; fileRef = FE6F96A42BB126380070D49B /* Main.storyboard */; };
		FE6F96A82BB126390070D49B /* Assets.xcassets in Resources */ = {isa = PBXBuildFile; fileRef = FE6F96A72BB126390070D49B /* Assets.xcassets */; };
		FE6F96AB2BB126390070D49B /* LaunchScreen.storyboard in Resources */ = {isa = PBXBuildFile; fileRef = FE6F96A92BB126390070D49B /* LaunchScreen.storyboard */; };
		FE6F96B62BB126390070D49B /* ActivitySpyTests.swift in Sources */ = {isa = PBXBuildFile; fileRef = FE6F96B52BB126390070D49B /* ActivitySpyTests.swift */; };
		FE6F96C02BB126390070D49B /* ActivitySpyUITests.swift in Sources */ = {isa = PBXBuildFile; fileRef = FE6F96BF2BB126390070D49B /* ActivitySpyUITests.swift */; };
		FE6F96C22BB126390070D49B /* ActivitySpyUITestsLaunchTests.swift in Sources */ = {isa = PBXBuildFile; fileRef = FE6F96C12BB126390070D49B /* ActivitySpyUITestsLaunchTests.swift */; };
/* End PBXBuildFile section */

/* Begin PBXContainerItemProxy section */
		FE6F96B22BB126390070D49B /* PBXContainerItemProxy */ = {
			isa = PBXContainerItemProxy;
			containerPortal = FE6F96932BB126380070D49B /* Project object */;
			proxyType = 1;
			remoteGlobalIDString = FE6F969A2BB126380070D49B;
			remoteInfo = ActivitySpy;
		};
		FE6F96BC2BB126390070D49B /* PBXContainerItemProxy */ = {
			isa = PBXContainerItemProxy;
			containerPortal = FE6F96932BB126380070D49B /* Project object */;
			proxyType = 1;
			remoteGlobalIDString = FE6F969A2BB126380070D49B;
			remoteInfo = ActivitySpy;
		};
/* End PBXContainerItemProxy section */

/* Begin PBXFileReference section */
		FE6F969B2BB126380070D49B /* ActivitySpy.app */ = {isa = PBXFileReference; explicitFileType = wrapper.application; includeInIndex = 0; path = ActivitySpy.app; sourceTree = BUILT_PRODUCTS_DIR; };
		FE6F969E2BB126380070D49B /* AppDelegate.swift */ = {isa = PBXFileReference; lastKnownFileType = sourcecode.swift; path = AppDelegate.swift; sourceTree = "<group>"; };
		FE6F96A02BB126380070D49B /* SceneDelegate.swift */ = {isa = PBXFileReference; lastKnownFileType = sourcecode.swift; path = SceneDelegate.swift; sourceTree = "<group>"; };
		FE6F96A22BB126380070D49B /* ViewController.swift */ = {isa = PBXFileReference; lastKnownFileType = sourcecode.swift; path = ViewController.swift; sourceTree = "<group>"; };
		FE6F96A52BB126380070D49B /* Base */ = {isa = PBXFileReference; lastKnownFileType = file.storyboard; name = Base; path = Base.lproj/Main.storyboard; sourceTree = "<group>"; };
		FE6F96A72BB126390070D49B /* Assets.xcassets */ = {isa = PBXFileReference; lastKnownFileType = folder.assetcatalog; path = Assets.xcassets; sourceTree = "<group>"; };
		FE6F96AA2BB126390070D49B /* Base */ = {isa = PBXFileReference; lastKnownFileType = file.storyboard; name = Base; path = Base.lproj/LaunchScreen.storyboard; sourceTree = "<group>"; };
		FE6F96AC2BB126390070D49B /* Info.plist */ = {isa = PBXFileReference; lastKnownFileType = text.plist.xml; path = Info.plist; sourceTree = "<group>"; };
		FE6F96B12BB126390070D49B /* ActivitySpyTests.xctest */ = {isa = PBXFileReference; explicitFileType = wrapper.cfbundle; includeInIndex = 0; path = ActivitySpyTests.xctest; sourceTree = BUILT_PRODUCTS_DIR; };
		FE6F96B52BB126390070D49B /* ActivitySpyTests.swift */ = {isa = PBXFileReference; lastKnownFileType = sourcecode.swift; path = ActivitySpyTests.swift; sourceTree = "<group>"; };
		FE6F96BB2BB126390070D49B /* ActivitySpyUITests.xctest */ = {isa = PBXFileReference; explicitFileType = wrapper.cfbundle; includeInIndex = 0; path = ActivitySpyUITests.xctest; sourceTree = BUILT_PRODUCTS_DIR; };
		FE6F96BF2BB126390070D49B /* ActivitySpyUITests.swift */ = {isa = PBXFileReference; lastKnownFileType = sourcecode.swift; path = ActivitySpyUITests.swift; sourceTree = "<group>"; };
		FE6F96C12BB126390070D49B /* ActivitySpyUITestsLaunchTests.swift */ = {isa = PBXFileReference; lastKnownFileType = sourcecode.swift; path = ActivitySpyUITestsLaunchTests.swift; sourceTree = "<group>"; };
/* End PBXFileReference section */

/* Begin PBXFrameworksBuildPhase section */
		FE6F96982BB126380070D49B /* Frameworks */ = {
			isa = PBXFrameworksBuildPhase;
			buildActionMask = 2147483647;
			files = (
			);
			runOnlyForDeploymentPostprocessing = 0;
		};
		FE6F96AE2BB126390070D49B /* Frameworks */ = {
			isa = PBXFrameworksBuildPhase;
			buildActionMask = 2147483647;
			files = (
			);
			runOnlyForDeploymentPostprocessing = 0;
		};
		FE6F96B82BB126390070D49B /* Frameworks */ = {
			isa = PBXFrameworksBuildPhase;
			buildActionMask = 2147483647;
			files = (
			);
			runOnlyForDeploymentPostprocessing = 0;
		};
/* End PBXFrameworksBuildPhase section */

/* Begin PBXGroup section */
		FE6F96922BB126380070D49B = {
			isa = PBXGroup;
			children = (
				FE6F969D2BB126380070D49B /* ActivitySpy */,
				FE6F96B42BB126390070D49B /* ActivitySpyTests */,
				FE6F96BE2BB126390070D49B /* ActivitySpyUITests */,
				FE6F969C2BB126380070D49B /* Products */,
			);
			sourceTree = "<group>";
		};
		FE6F969C2BB126380070D49B /* Products */ = {
			isa = PBXGroup;
			children = (
				FE6F969B2BB126380070D49B /* ActivitySpy.app */,
				FE6F96B12BB126390070D49B /* ActivitySpyTests.xctest */,
				FE6F96BB2BB126390070D49B /* ActivitySpyUITests.xctest */,
			);
			name = Products;
			sourceTree = "<group>";
		};
		FE6F969D2BB126380070D49B /* ActivitySpy */ = {
			isa = PBXGroup;
			children = (
				FE6F969E2BB126380070D49B /* AppDelegate.swift */,
				FE6F96A02BB126380070D49B /* SceneDelegate.swift */,
				FE6F96A22BB126380070D49B /* ViewController.swift */,
				FE6F96A42BB126380070D49B /* Main.storyboard */,
				FE6F96A72BB126390070D49B /* Assets.xcassets */,
				FE6F96A92BB126390070D49B /* LaunchScreen.storyboard */,
				FE6F96AC2BB126390070D49B /* Info.plist */,
			);
			path = ActivitySpy;
			sourceTree = "<group>";
		};
		FE6F96B42BB126390070D49B /* ActivitySpyTests */ = {
			isa = PBXGroup;
			children = (
				FE6F96B52BB126390070D49B /* ActivitySpyTests.swift */,
			);
			path = ActivitySpyTests;
			sourceTree = "<group>";
		};
		FE6F96BE2BB126390070D49B /* ActivitySpyUITests */ = {
			isa = PBXGroup;
			children = (
				FE6F96BF2BB126390070D49B /* ActivitySpyUITests.swift */,
				FE6F96C12BB126390070D49B /* ActivitySpyUITestsLaunchTests.swift */,
			);
			path = ActivitySpyUITests;
			sourceTree = "<group>";
		};
/* End PBXGroup section */

/* Begin PBXNativeTarget section */
		FE6F969A2BB126380070D49B /* ActivitySpy */ = {
			isa = PBXNativeTarget;
			buildConfigurationList = FE6F96C52BB126390070D49B /* Build configuration list for PBXNativeTarget "ActivitySpy" */;
			buildPhases = (
				FE6F96972BB126380070D49B /* Sources */,
				FE6F96982BB126380070D49B /* Frameworks */,
				FE6F96992BB126380070D49B /* Resources */,
			);
			buildRules = (
			);
			dependencies = (
			);
			name = ActivitySpy;
			productName = ActivitySpy;
			productReference = FE6F969B2BB126380070D49B /* ActivitySpy.app */;
			productType = "com.apple.product-type.application";
		};
		FE6F96B02BB126390070D49B /* ActivitySpyTests */ = {
			isa = PBXNativeTarget;
			buildConfigurationList = FE6F96C82BB126390070D49B /* Build configuration list for PBXNativeTarget "ActivitySpyTests" */;
			buildPhases = (
				FE6F96AD2BB126390070D49B /* Sources */,
				FE6F96AE2BB126390070D49B /* Frameworks */,
				FE6F96AF2BB126390070D49B /* Resources */,
			);
			buildRules = (
			);
			dependencies = (
				FE6F96B32BB126390070D49B /* PBXTargetDependency */,
			);
			name = ActivitySpyTests;
			productName = ActivitySpyTests;
			productReference = FE6F96B12BB126390070D49B /* ActivitySpyTests.xctest */;
			productType = "com.apple.product-type.bundle.unit-test";
		};
		FE6F96BA2BB126390070D49B /* ActivitySpyUITests */ = {
			isa = PBXNativeTarget;
			buildConfigurationList = FE6F96CB2BB126390070D49B /* Build configuration list for PBXNativeTarget "ActivitySpyUITests" */;
			buildPhases = (
				FE6F96B72BB126390070D49B /* Sources */,
				FE6F96B82BB126390070D49B /* Frameworks */,
				FE6F96B92BB126390070D49B /* Resources */,
			);
			buildRules = (
			);
			dependencies = (
				FE6F96BD2BB126390070D49B /* PBXTargetDependency */,
			);
			name = ActivitySpyUITests;
			productName = ActivitySpyUITests;
			productReference = FE6F96BB2BB126390070D49B /* ActivitySpyUITests.xctest */;
			productType = "com.apple.product-type.bundle.ui-testing";
		};
/* End PBXNativeTarget section */

/* Begin PBXProject section */
		FE6F96932BB126380070D49B /* Project object */ = {
			isa = PBXProject;
			attributes = {
				BuildIndependentTargetsInParallel = 1;
				LastSwiftUpdateCheck = 1520;
				LastUpgradeCheck = 1520;
				TargetAttributes = {
					FE6F969A2BB126380070D49B = {
						CreatedOnToolsVersion = 15.2;
					};
					FE6F96B02BB126390070D49B = {
						CreatedOnToolsVersion = 15.2;
						TestTargetID = FE6F969A2BB126380070D49B;
					};
					FE6F96BA2BB126390070D49B = {
						CreatedOnToolsVersion = 15.2;
						TestTargetID = FE6F969A2BB126380070D49B;
					};
				};
			};
			buildConfigurationList = FE6F96962BB126380070D49B /* Build configuration list for PBXProject "ActivitySpy" */;
			compatibilityVersion = "Xcode 14.0";
			developmentRegion = en;
			hasScannedForEncodings = 0;
			knownRegions = (
				en,
				Base,
			);
			mainGroup = FE6F96922BB126380070D49B;
			productRefGroup = FE6F969C2BB126380070D49B /* Products */;
			projectDirPath = "";
			projectRoot = "";
			targets = (
				FE6F969A2BB126380070D49B /* ActivitySpy */,
				FE6F96B02BB126390070D49B /* ActivitySpyTests */,
				FE6F96BA2BB126390070D49B /* ActivitySpyUITests */,
			);
		};
/* End PBXProject section */

/* Begin PBXResourcesBuildPhase section */
		FE6F96992BB126380070D49B /* Resources */ = {
			isa = PBXResourcesBuildPhase;
			buildActionMask = 2147483647;
			files = (
				FE6F96AB2BB126390070D49B /* LaunchScreen.storyboard in Resources */,
				FE6F96A82BB126390070D49B /* Assets.xcassets in Resources */,
				FE6F96A62BB126380070D49B /* Main.storyboard in Resources */,
			);
			runOnlyForDeploymentPostprocessing = 0;
		};
		FE6F96AF2BB126390070D49B /* Resources */ = {
			isa = PBXResourcesBuildPhase;
			buildActionMask = 2147483647;
			files = (
			);
			runOnlyForDeploymentPostprocessing = 0;
		};
		FE6F96B92BB126390070D49B /* Resources */ = {
			isa = PBXResourcesBuildPhase;
			buildActionMask = 2147483647;
			files = (
			);
			runOnlyForDeploymentPostprocessing = 0;
		};
/* End PBXResourcesBuildPhase section */

/* Begin PBXSourcesBuildPhase section */
		FE6F96972BB126380070D49B /* Sources */ = {
			isa = PBXSourcesBuildPhase;
			buildActionMask = 2147483647;
			files = (
				FE6F96A32BB126380070D49B /* ViewController.swift in Sources */,
				FE6F969F2BB126380070D49B /* AppDelegate.swift in Sources */,
				FE6F96A12BB126380070D49B /* SceneDelegate.swift in Sources */,
			);
			runOnlyForDeploymentPostprocessing = 0;
		};
		FE6F96AD2BB126390070D49B /* Sources */ = {
			isa = PBXSourcesBuildPhase;
			buildActionMask = 2147483647;
			files = (
				FE6F96B62BB126390070D49B /* ActivitySpyTests.swift in Sources */,
			);
			runOnlyForDeploymentPostprocessing = 0;
		};
		FE6F96B72BB126390070D49B /* Sources */ = {
			isa = PBXSourcesBuildPhase;
			buildActionMask = 2147483647;
			files = (
				FE6F96C22BB126390070D49B /* ActivitySpyUITestsLaunchTests.swift in Sources */,
				FE6F96C02BB126390070D49B /* ActivitySpyUITests.swift in Sources */,
			);
			runOnlyForDeploymentPostprocessing = 0;
		};
/* End PBXSourcesBuildPhase section */

/* Begin PBXTargetDependency section */
		FE6F96B32BB126390070D49B /* PBXTargetDependency */ = {
			isa = PBXTargetDependency;
			target = FE6F969A2BB126380070D49B /* ActivitySpy */;
			targetProxy = FE6F96B22BB126390070D49B /* PBXContainerItemProxy */;
		};
		FE6F96BD2BB126390070D49B /* PBXTargetDependency */ = {
			isa = PBXTargetDependency;
			target = FE6F969A2BB126380070D49B /* ActivitySpy */;
			targetProxy = FE6F96BC2BB126390070D49B /* PBXContainerItemProxy */;
		};
/* End PBXTargetDependency section */

/* Begin PBXVariantGroup section */
		FE6F96A42BB126380070D49B /* Main.storyboard */ = {
			isa = PBXVariantGroup;
			children = (
				FE6F96A52BB126380070D49B /* Base */,
			);
			name = Main.storyboard;
			sourceTree = "<group>";
		};
		FE6F96A92BB126390070D49B /* LaunchScreen.storyboard */ = {
			isa = PBXVariantGroup;
			children = (
				FE6F96AA2BB126390070D49B /* Base */,
			);
			name = LaunchScreen.storyboard;
			sourceTree = "<group>";
		};
/* End PBXVariantGroup section */

/* Begin XCBuildConfiguration section */
		FE6F96C32BB126390070D49B /* Debug */ = {
			isa = XCBuildConfiguration;
			buildSettings = {
				ALWAYS_SEARCH_USER_PATHS = NO;
				ASSETCATALOG_COMPILER_GENERATE_SWIFT_ASSET_SYMBOL_EXTENSIONS = YES;
				CLANG_ANALYZER_NONNULL = YES;
				CLANG_ANALYZER_NUMBER_OBJECT_CONVERSION = YES_AGGRESSIVE;
				CLANG_CXX_LANGUAGE_STANDARD = "gnu++20";
				CLANG_ENABLE_MODULES = YES;
				CLANG_ENABLE_OBJC_ARC = YES;
				CLANG_ENABLE_OBJC_WEAK = YES;
				CLANG_WARN_BLOCK_CAPTURE_AUTORELEASING = YES;
				CLANG_WARN_BOOL_CONVERSION = YES;
				CLANG_WARN_COMMA = YES;
				CLANG_WARN_CONSTANT_CONVERSION = YES;
				CLANG_WARN_DEPRECATED_OBJC_IMPLEMENTATIONS = YES;
				CLANG_WARN_DIRECT_OBJC_ISA_USAGE = YES_ERROR;
				CLANG_WARN_DOCUMENTATION_COMMENTS = YES;
				CLANG_WARN_EMPTY_BODY = YES;
				CLANG_WARN_ENUM_CONVERSION = YES;
				CLANG_WARN_INFINITE_RECURSION = YES;
				CLANG_WARN_INT_CONVERSION = YES;
				CLANG_WARN_NON_LITERAL_NULL_CONVERSION = YES;
				CLANG_WARN_OBJC_IMPLICIT_RETAIN_SELF = YES;
				CLANG_WARN_OBJC_LITERAL_CONVERSION = YES;
				CLANG_WARN_OBJC_ROOT_CLASS = YES_ERROR;
				CLANG_WARN_QUOTED_INCLUDE_IN_FRAMEWORK_HEADER = YES;
				CLANG_WARN_RANGE_LOOP_ANALYSIS = YES;
				CLANG_WARN_STRICT_PROTOTYPES = YES;
				CLANG_WARN_SUSPICIOUS_MOVE = YES;
				CLANG_WARN_UNGUARDED_AVAILABILITY = YES_AGGRESSIVE;
				CLANG_WARN_UNREACHABLE_CODE = YES;
				CLANG_WARN__DUPLICATE_METHOD_MATCH = YES;
				COPY_PHASE_STRIP = NO;
				DEBUG_INFORMATION_FORMAT = dwarf;
				ENABLE_STRICT_OBJC_MSGSEND = YES;
				ENABLE_TESTABILITY = YES;
				ENABLE_USER_SCRIPT_SANDBOXING = YES;
				GCC_C_LANGUAGE_STANDARD = gnu17;
				GCC_DYNAMIC_NO_PIC = NO;
				GCC_NO_COMMON_BLOCKS = YES;
				GCC_OPTIMIZATION_LEVEL = 0;
				GCC_PREPROCESSOR_DEFINITIONS = (
					"DEBUG=1",
					"$(inherited)",
				);
				GCC_WARN_64_TO_32_BIT_CONVERSION = YES;
				GCC_WARN_ABOUT_RETURN_TYPE = YES_ERROR;
				GCC_WARN_UNDECLARED_SELECTOR = YES;
				GCC_WARN_UNINITIALIZED_AUTOS = YES_AGGRESSIVE;
				GCC_WARN_UNUSED_FUNCTION = YES;
				GCC_WARN_UNUSED_VARIABLE = YES;
				IPHONEOS_DEPLOYMENT_TARGET = 17.2;
				LOCALIZATION_PREFERS_STRING_CATALOGS = YES;
				MTL_ENABLE_DEBUG_INFO = INCLUDE_SOURCE;
				MTL_FAST_MATH = YES;
				ONLY_ACTIVE_ARCH = YES;
				SDKROOT = iphoneos;
				SWIFT_ACTIVE_COMPILATION_CONDITIONS = "DEBUG $(inherited)";
				SWIFT_OPTIMIZATION_LEVEL = "-Onone";
			};
			name = Debug;
		};
		FE6F96C42BB126390070D49B /* Release */ = {
			isa = XCBuildConfiguration;
			buildSettings = {
				ALWAYS_SEARCH_USER_PATHS = NO;
				ASSETCATALOG_COMPILER_GENERATE_SWIFT_ASSET_SYMBOL_EXTENSIONS = YES;
				CLANG_ANALYZER_NONNULL = YES;
				CLANG_ANALYZER_NUMBER_OBJECT_CONVERSION = YES_AGGRESSIVE;
				CLANG_CXX_LANGUAGE_STANDARD = "gnu++20";
				CLANG_ENABLE_MODULES = YES;
				CLANG_ENABLE_OBJC_ARC = YES;
				CLANG_ENABLE_OBJC_WEAK = YES;
				CLANG_WARN_BLOCK_CAPTURE_AUTORELEASING = YES;
				CLANG_WARN_BOOL_CONVERSION = YES;
				CLANG_WARN_COMMA = YES;
				CLANG_WARN_CONSTANT_CONVERSION = YES;
				CLANG_WARN_DEPRECATED_OBJC_IMPLEMENTATIONS = YES;
				CLANG_WARN_DIRECT_OBJC_ISA_USAGE = YES_ERROR;
				CLANG_WARN_DOCUMENTATION_COMMENTS = YES;
				CLANG_WARN_EMPTY_BODY = YES;
				CLANG_WARN_ENUM_CONVERSION = YES;
				CLANG_WARN_INFINITE_RECURSION = YES;
				CLANG_WARN_INT_CONVERSION = YES;
				CLANG_WARN_NON_LITERAL_NULL_CONVERSION = YES;
				CLANG_WARN_OBJC_IMPLICIT_RETAIN_SELF = YES;
				CLANG_WARN_OBJC_LITERAL_CONVERSION = YES;
				CLANG_WARN_OBJC_ROOT_CLASS = YES_ERROR;
				CLANG_WARN_QUOTED_INCLUDE_IN_FRAMEWORK_HEADER = YES;
				CLANG_WARN_RANGE_LOOP_ANALYSIS = YES;
				CLANG_WARN_STRICT_PROTOTYPES = YES;
				CLANG_WARN_SUSPICIOUS_MOVE = YES;
				CLANG_WARN_UNGUARDED_AVAILABILITY = YES_AGGRESSIVE;
				CLANG_WARN_UNREACHABLE_CODE = YES;
				CLANG_WARN__DUPLICATE_METHOD_MATCH = YES;
				COPY_PHASE_STRIP = NO;
				DEBUG_INFORMATION_FORMAT = "dwarf-with-dsym";
				ENABLE_NS_ASSERTIONS = NO;
				ENABLE_STRICT_OBJC_MSGSEND = YES;
				ENABLE_USER_SCRIPT_SANDBOXING = YES;
				GCC_C_LANGUAGE_STANDARD = gnu17;
				GCC_NO_COMMON_BLOCKS = YES;
				GCC_WARN_64_TO_32_BIT_CONVERSION = YES;
				GCC_WARN_ABOUT_RETURN_TYPE = YES_ERROR;
				GCC_WARN_UNDECLARED_SELECTOR = YES;
				GCC_WARN_UNINITIALIZED_AUTOS = YES_AGGRESSIVE;
				GCC_WARN_UNUSED_FUNCTION = YES;
				GCC_WARN_UNUSED_VARIABLE = YES;
				IPHONEOS_DEPLOYMENT_TARGET = 17.2;
				LOCALIZATION_PREFERS_STRING_CATALOGS = YES;
				MTL_ENABLE_DEBUG_INFO = NO;
				MTL_FAST_MATH = YES;
				SDKROOT = iphoneos;
				SWIFT_COMPILATION_MODE = wholemodule;
				VALIDATE_PRODUCT = YES;
			};
			name = Release;
		};
		FE6F96C62BB126390070D49B /* Debug */ = {
			isa = XCBuildConfiguration;
			buildSettings = {
				ASSETCATALOG_COMPILER_APPICON_NAME = AppIcon;
				ASSETCATALOG_COMPILER_GLOBAL_ACCENT_COLOR_NAME = AccentColor;
				CODE_SIGN_STYLE = Automatic;
				CURRENT_PROJECT_VERSION = 1;
				DEVELOPMENT_TEAM = PKYZS83VA8;
				GENERATE_INFOPLIST_FILE = YES;
				INFOPLIST_FILE = ActivitySpy/Info.plist;
				INFOPLIST_KEY_UIApplicationSupportsIndirectInputEvents = YES;
				INFOPLIST_KEY_UILaunchStoryboardName = LaunchScreen;
				INFOPLIST_KEY_UIMainStoryboardFile = Main;
				INFOPLIST_KEY_UISupportedInterfaceOrientations_iPad = "UIInterfaceOrientationPortrait UIInterfaceOrientationPortraitUpsideDown UIInterfaceOrientationLandscapeLeft UIInterfaceOrientationLandscapeRight";
				INFOPLIST_KEY_UISupportedInterfaceOrientations_iPhone = "UIInterfaceOrientationPortrait UIInterfaceOrientationLandscapeLeft UIInterfaceOrientationLandscapeRight";
				LD_RUNPATH_SEARCH_PATHS = (
					"$(inherited)",
					"@executable_path/Frameworks",
				);
				MARKETING_VERSION = 1.0;
				PRODUCT_BUNDLE_IDENTIFIER = edu.uw.ischool.newart.demos.ActivitySpy;
				PRODUCT_NAME = "$(TARGET_NAME)";
				SWIFT_EMIT_LOC_STRINGS = YES;
				SWIFT_VERSION = 5.0;
				TARGETED_DEVICE_FAMILY = "1,2";
			};
			name = Debug;
		};
		FE6F96C72BB126390070D49B /* Release */ = {
			isa = XCBuildConfiguration;
			buildSettings = {
				ASSETCATALOG_COMPILER_APPICON_NAME = AppIcon;
				ASSETCATALOG_COMPILER_GLOBAL_ACCENT_COLOR_NAME = AccentColor;
				CODE_SIGN_STYLE = Automatic;
				CURRENT_PROJECT_VERSION = 1;
				DEVELOPMENT_TEAM = PKYZS83VA8;
				GENERATE_INFOPLIST_FILE = YES;
				INFOPLIST_FILE = ActivitySpy/Info.plist;
				INFOPLIST_KEY_UIApplicationSupportsIndirectInputEvents = YES;
				INFOPLIST_KEY_UILaunchStoryboardName = LaunchScreen;
				INFOPLIST_KEY_UIMainStoryboardFile = Main;
				INFOPLIST_KEY_UISupportedInterfaceOrientations_iPad = "UIInterfaceOrientationPortrait UIInterfaceOrientationPortraitUpsideDown UIInterfaceOrientationLandscapeLeft UIInterfaceOrientationLandscapeRight";
				INFOPLIST_KEY_UISupportedInterfaceOrientations_iPhone = "UIInterfaceOrientationPortrait UIInterfaceOrientationLandscapeLeft UIInterfaceOrientationLandscapeRight";
				LD_RUNPATH_SEARCH_PATHS = (
					"$(inherited)",
					"@executable_path/Frameworks",
				);
				MARKETING_VERSION = 1.0;
				PRODUCT_BUNDLE_IDENTIFIER = edu.uw.ischool.newart.demos.ActivitySpy;
				PRODUCT_NAME = "$(TARGET_NAME)";
				SWIFT_EMIT_LOC_STRINGS = YES;
				SWIFT_VERSION = 5.0;
				TARGETED_DEVICE_FAMILY = "1,2";
			};
			name = Release;
		};
		FE6F96C92BB126390070D49B /* Debug */ = {
			isa = XCBuildConfiguration;
			buildSettings = {
				ALWAYS_EMBED_SWIFT_STANDARD_LIBRARIES = YES;
				BUNDLE_LOADER = "$(TEST_HOST)";
				CODE_SIGN_STYLE = Automatic;
				CURRENT_PROJECT_VERSION = 1;
				DEVELOPMENT_TEAM = PKYZS83VA8;
				GENERATE_INFOPLIST_FILE = YES;
				IPHONEOS_DEPLOYMENT_TARGET = 17.2;
				MARKETING_VERSION = 1.0;
				PRODUCT_BUNDLE_IDENTIFIER = edu.uw.ischool.newart.demos.ActivitySpyTests;
				PRODUCT_NAME = "$(TARGET_NAME)";
				SWIFT_EMIT_LOC_STRINGS = NO;
				SWIFT_VERSION = 5.0;
				TARGETED_DEVICE_FAMILY = "1,2";
				TEST_HOST = "$(BUILT_PRODUCTS_DIR)/ActivitySpy.app/$(BUNDLE_EXECUTABLE_FOLDER_PATH)/ActivitySpy";
			};
			name = Debug;
		};
		FE6F96CA2BB126390070D49B /* Release */ = {
			isa = XCBuildConfiguration;
			buildSettings = {
				ALWAYS_EMBED_SWIFT_STANDARD_LIBRARIES = YES;
				BUNDLE_LOADER = "$(TEST_HOST)";
				CODE_SIGN_STYLE = Automatic;
				CURRENT_PROJECT_VERSION = 1;
				DEVELOPMENT_TEAM = PKYZS83VA8;
				GENERATE_INFOPLIST_FILE = YES;
				IPHONEOS_DEPLOYMENT_TARGET = 17.2;
				MARKETING_VERSION = 1.0;
				PRODUCT_BUNDLE_IDENTIFIER = edu.uw.ischool.newart.demos.ActivitySpyTests;
				PRODUCT_NAME = "$(TARGET_NAME)";
				SWIFT_EMIT_LOC_STRINGS = NO;
				SWIFT_VERSION = 5.0;
				TARGETED_DEVICE_FAMILY = "1,2";
				TEST_HOST = "$(BUILT_PRODUCTS_DIR)/ActivitySpy.app/$(BUNDLE_EXECUTABLE_FOLDER_PATH)/ActivitySpy";
			};
			name = Release;
		};
		FE6F96CC2BB126390070D49B /* Debug */ = {
			isa = XCBuildConfiguration;
			buildSettings = {
				ALWAYS_EMBED_SWIFT_STANDARD_LIBRARIES = YES;
				CODE_SIGN_STYLE = Automatic;
				CURRENT_PROJECT_VERSION = 1;
				DEVELOPMENT_TEAM = PKYZS83VA8;
				GENERATE_INFOPLIST_FILE = YES;
				MARKETING_VERSION = 1.0;
				PRODUCT_BUNDLE_IDENTIFIER = edu.uw.ischool.newart.demos.ActivitySpyUITests;
				PRODUCT_NAME = "$(TARGET_NAME)";
				SWIFT_EMIT_LOC_STRINGS = NO;
				SWIFT_VERSION = 5.0;
				TARGETED_DEVICE_FAMILY = "1,2";
				TEST_TARGET_NAME = ActivitySpy;
			};
			name = Debug;
		};
		FE6F96CD2BB126390070D49B /* Release */ = {
			isa = XCBuildConfiguration;
			buildSettings = {
				ALWAYS_EMBED_SWIFT_STANDARD_LIBRARIES = YES;
				CODE_SIGN_STYLE = Automatic;
				CURRENT_PROJECT_VERSION = 1;
				DEVELOPMENT_TEAM = PKYZS83VA8;
				GENERATE_INFOPLIST_FILE = YES;
				MARKETING_VERSION = 1.0;
				PRODUCT_BUNDLE_IDENTIFIER = edu.uw.ischool.newart.demos.ActivitySpyUITests;
				PRODUCT_NAME = "$(TARGET_NAME)";
				SWIFT_EMIT_LOC_STRINGS = NO;
				SWIFT_VERSION = 5.0;
				TARGETED_DEVICE_FAMILY = "1,2";
				TEST_TARGET_NAME = ActivitySpy;
			};
			name = Release;
		};
/* End XCBuildConfiguration section */

/* Begin XCConfigurationList section */
		FE6F96962BB126380070D49B /* Build configuration list for PBXProject "ActivitySpy" */ = {
			isa = XCConfigurationList;
			buildConfigurations = (
				FE6F96C32BB126390070D49B /* Debug */,
				FE6F96C42BB126390070D49B /* Release */,
			);
			defaultConfigurationIsVisible = 0;
			defaultConfigurationName = Release;
		};
		FE6F96C52BB126390070D49B /* Build configuration list for PBXNativeTarget "ActivitySpy" */ = {
			isa = XCConfigurationList;
			buildConfigurations = (
				FE6F96C62BB126390070D49B /* Debug */,
				FE6F96C72BB126390070D49B /* Release */,
			);
			defaultConfigurationIsVisible = 0;
			defaultConfigurationName = Release;
		};
		FE6F96C82BB126390070D49B /* Build configuration list for PBXNativeTarget "ActivitySpyTests" */ = {
			isa = XCConfigurationList;
			buildConfigurations = (
				FE6F96C92BB126390070D49B /* Debug */,
				FE6F96CA2BB126390070D49B /* Release */,
			);
			defaultConfigurationIsVisible = 0;
			defaultConfigurationName = Release;
		};
		FE6F96CB2BB126390070D49B /* Build configuration list for PBXNativeTarget "ActivitySpyUITests" */ = {
			isa = XCConfigurationList;
			buildConfigurations = (
				FE6F96CC2BB126390070D49B /* Debug */,
				FE6F96CD2BB126390070D49B /* Release */,
			);
			defaultConfigurationIsVisible = 0;
			defaultConfigurationName = Release;
		};
/* End XCConfigurationList section */
	};
	rootObject = FE6F96932BB126380070D49B /* Project object */;
}
