// !$*UTF8*$!
{
	archiveVersion = 1;
	classes = {
	};
	objectVersion = 48;
	objects = {

/* Begin PBXBuildFile section */
		FE3042921F9EA5BD0038070C /* AppDelegate.swift in Sources */ = {isa = PBXBuildFile; fileRef = FE3042911F9EA5BD0038070C /* AppDelegate.swift */; };
		FE3042941F9EA5BD0038070C /* ViewController.swift in Sources */ = {isa = PBXBuildFile; fileRef = FE3042931F9EA5BD0038070C /* ViewController.swift */; };
		FE3042971F9EA5BD0038070C /* Main.storyboard in Resources */ = {isa = PBXBuildFile; fileRef = FE3042951F9EA5BD0038070C /* Main.storyboard */; };
		FE3042991F9EA5BD0038070C /* Assets.xcassets in Resources */ = {isa = PBXBuildFile; fileRef = FE3042981F9EA5BD0038070C /* Assets.xcassets */; };
		FE30429C1F9EA5BD0038070C /* LaunchScreen.storyboard in Resources */ = {isa = PBXBuildFile; fileRef = FE30429A1F9EA5BD0038070C /* LaunchScreen.storyboard */; };
		FE3042A41F9EA64E0038070C /* RatingControl.swift in Sources */ = {isa = PBXBuildFile; fileRef = FE3042A31F9EA64E0038070C /* RatingControl.swift */; };
/* End PBXBuildFile section */

/* Begin PBXFileReference section */
		FE30428E1F9EA5BD0038070C /* CustomControlFun.app */ = {isa = PBXFileReference; explicitFileType = wrapper.application; includeInIndex = 0; path = CustomControlFun.app; sourceTree = BUILT_PRODUCTS_DIR; };
		FE3042911F9EA5BD0038070C /* AppDelegate.swift */ = {isa = PBXFileReference; lastKnownFileType = sourcecode.swift; path = AppDelegate.swift; sourceTree = "<group>"; };
		FE3042931F9EA5BD0038070C /* ViewController.swift */ = {isa = PBXFileReference; lastKnownFileType = sourcecode.swift; path = ViewController.swift; sourceTree = "<group>"; };
		FE3042961F9EA5BD0038070C /* Base */ = {isa = PBXFileReference; lastKnownFileType = file.storyboard; name = Base; path = Base.lproj/Main.storyboard; sourceTree = "<group>"; };
		FE3042981F9EA5BD0038070C /* Assets.xcassets */ = {isa = PBXFileReference; lastKnownFileType = folder.assetcatalog; path = Assets.xcassets; sourceTree = "<group>"; };
		FE30429B1F9EA5BD0038070C /* Base */ = {isa = PBXFileReference; lastKnownFileType = file.storyboard; name = Base; path = Base.lproj/LaunchScreen.storyboard; sourceTree = "<group>"; };
		FE30429D1F9EA5BD0038070C /* Info.plist */ = {isa = PBXFileReference; lastKnownFileType = text.plist.xml; path = Info.plist; sourceTree = "<group>"; };
		FE3042A31F9EA64E0038070C /* RatingControl.swift */ = {isa = PBXFileReference; lastKnownFileType = sourcecode.swift; path = RatingControl.swift; sourceTree = "<group>"; };
/* End PBXFileReference section */

/* Begin PBXFrameworksBuildPhase section */
		FE30428B1F9EA5BD0038070C /* Frameworks */ = {
			isa = PBXFrameworksBuildPhase;
			buildActionMask = 2147483647;
			files = (
			);
			runOnlyForDeploymentPostprocessing = 0;
		};
/* End PBXFrameworksBuildPhase section */

/* Begin PBXGroup section */
		FE3042851F9EA5BD0038070C = {
			isa = PBXGroup;
			children = (
				FE3042901F9EA5BD0038070C /* CustomControlFun */,
				FE30428F1F9EA5BD0038070C /* Products */,
			);
			sourceTree = "<group>";
		};
		FE30428F1F9EA5BD0038070C /* Products */ = {
			isa = PBXGroup;
			children = (
				FE30428E1F9EA5BD0038070C /* CustomControlFun.app */,
			);
			name = Products;
			sourceTree = "<group>";
		};
		FE3042901F9EA5BD0038070C /* CustomControlFun */ = {
			isa = PBXGroup;
			children = (
				FE3042911F9EA5BD0038070C /* AppDelegate.swift */,
				FE30429A1F9EA5BD0038070C /* LaunchScreen.storyboard */,
				FE3042951F9EA5BD0038070C /* Main.storyboard */,
				FE3042A31F9EA64E0038070C /* RatingControl.swift */,
				FE3042931F9EA5BD0038070C /* ViewController.swift */,
				FE3042981F9EA5BD0038070C /* Assets.xcassets */,
				FE30429D1F9EA5BD0038070C /* Info.plist */,
			);
			path = CustomControlFun;
			sourceTree = "<group>";
		};
/* End PBXGroup section */

/* Begin PBXNativeTarget section */
		FE30428D1F9EA5BD0038070C /* CustomControlFun */ = {
			isa = PBXNativeTarget;
			buildConfigurationList = FE3042A01F9EA5BD0038070C /* Build configuration list for PBXNativeTarget "CustomControlFun" */;
			buildPhases = (
				FE30428A1F9EA5BD0038070C /* Sources */,
				FE30428B1F9EA5BD0038070C /* Frameworks */,
				FE30428C1F9EA5BD0038070C /* Resources */,
			);
			buildRules = (
			);
			dependencies = (
			);
			name = CustomControlFun;
			productName = CustomControlFun;
			productReference = FE30428E1F9EA5BD0038070C /* CustomControlFun.app */;
			productType = "com.apple.product-type.application";
		};
/* End PBXNativeTarget section */

/* Begin PBXProject section */
		FE3042861F9EA5BD0038070C /* Project object */ = {
			isa = PBXProject;
			attributes = {
				LastSwiftUpdateCheck = 0900;
				LastUpgradeCheck = 0900;
				ORGANIZATIONNAME = "Ted Neward";
				TargetAttributes = {
					FE30428D1F9EA5BD0038070C = {
						CreatedOnToolsVersion = 9.0.1;
						ProvisioningStyle = Automatic;
					};
				};
			};
			buildConfigurationList = FE3042891F9EA5BD0038070C /* Build configuration list for PBXProject "CustomControlFun" */;
			compatibilityVersion = "Xcode 8.0";
			developmentRegion = en;
			hasScannedForEncodings = 0;
			knownRegions = (
				en,
				Base,
			);
			mainGroup = FE3042851F9EA5BD0038070C;
			productRefGroup = FE30428F1F9EA5BD0038070C /* Products */;
			projectDirPath = "";
			projectRoot = "";
			targets = (
				FE30428D1F9EA5BD0038070C /* CustomControlFun */,
			);
		};
/* End PBXProject section */

/* Begin PBXResourcesBuildPhase section */
		FE30428C1F9EA5BD0038070C /* Resources */ = {
			isa = PBXResourcesBuildPhase;
			buildActionMask = 2147483647;
			files = (
				FE30429C1F9EA5BD0038070C /* LaunchScreen.storyboard in Resources */,
				FE3042991F9EA5BD0038070C /* Assets.xcassets in Resources */,
				FE3042971F9EA5BD0038070C /* Main.storyboard in Resources */,
			);
			runOnlyForDeploymentPostprocessing = 0;
		};
/* End PBXResourcesBuildPhase section */

/* Begin PBXSourcesBuildPhase section */
		FE30428A1F9EA5BD0038070C /* Sources */ = {
			isa = PBXSourcesBuildPhase;
			buildActionMask = 2147483647;
			files = (
				FE3042941F9EA5BD0038070C /* ViewController.swift in Sources */,
				FE3042A41F9EA64E0038070C /* RatingControl.swift in Sources */,
				FE3042921F9EA5BD0038070C /* AppDelegate.swift in Sources */,
			);
			runOnlyForDeploymentPostprocessing = 0;
		};
/* End PBXSourcesBuildPhase section */

/* Begin PBXVariantGroup section */
		FE3042951F9EA5BD0038070C /* Main.storyboard */ = {
			isa = PBXVariantGroup;
			children = (
				FE3042961F9EA5BD0038070C /* Base */,
			);
			name = Main.storyboard;
			sourceTree = "<group>";
		};
		FE30429A1F9EA5BD0038070C /* LaunchScreen.storyboard */ = {
			isa = PBXVariantGroup;
			children = (
				FE30429B1F9EA5BD0038070C /* Base */,
			);
			name = LaunchScreen.storyboard;
			sourceTree = "<group>";
		};
/* End PBXVariantGroup section */

/* Begin XCBuildConfiguration section */
		FE30429E1F9EA5BD0038070C /* Debug */ = {
			isa = XCBuildConfiguration;
			buildSettings = {
				ALWAYS_SEARCH_USER_PATHS = NO;
				CLANG_ANALYZER_NONNULL = YES;
				CLANG_ANALYZER_NUMBER_OBJECT_CONVERSION = YES_AGGRESSIVE;
				CLANG_CXX_LANGUAGE_STANDARD = "gnu++14";
				CLANG_CXX_LIBRARY = "libc++";
				CLANG_ENABLE_MODULES = YES;
				CLANG_ENABLE_OBJC_ARC = YES;
				CLANG_WARN_BLOCK_CAPTURE_AUTORELEASING = YES;
				CLANG_WARN_BOOL_CONVERSION = YES;
				CLANG_WARN_COMMA = YES;
				CLANG_WARN_CONSTANT_CONVERSION = YES;
				CLANG_WARN_DIRECT_OBJC_ISA_USAGE = YES_ERROR;
				CLANG_WARN_DOCUMENTATION_COMMENTS = YES;
				CLANG_WARN_EMPTY_BODY = YES;
				CLANG_WARN_ENUM_CONVERSION = YES;
				CLANG_WARN_INFINITE_RECURSION = YES;
				CLANG_WARN_INT_CONVERSION = YES;
				CLANG_WARN_NON_LITERAL_NULL_CONVERSION = YES;
				CLANG_WARN_OBJC_LITERAL_CONVERSION = YES;
				CLANG_WARN_OBJC_ROOT_CLASS = YES_ERROR;
				CLANG_WARN_RANGE_LOOP_ANALYSIS = YES;
				CLANG_WARN_STRICT_PROTOTYPES = YES;
				CLANG_WARN_SUSPICIOUS_MOVE = YES;
				CLANG_WARN_UNGUARDED_AVAILABILITY = YES_AGGRESSIVE;
				CLANG_WARN_UNREACHABLE_CODE = YES;
				CLANG_WARN__DUPLICATE_METHOD_MATCH = YES;
				CODE_SIGN_IDENTITY = "iPhone Developer";
				COPY_PHASE_STRIP = NO;
				DEBUG_INFORMATION_FORMAT = dwarf;
				ENABLE_STRICT_OBJC_MSGSEND = YES;
				ENABLE_TESTABILITY = YES;
				GCC_C_LANGUAGE_STANDARD = gnu11;
				GCC_DYNAMIC_NO_PIC = NO;
				GCC_NO_COMMON_BLOCKS = YES;
				GCC_OPTIMIZATION_LEVEL = 0;
				GCC_PREPROCESSOR_DEFINITIONS = (
					"DEBUG=1",
					"$(inherited)",
				);
				GCC_WARN_64_TO_32_BIT_CONVERSION = YES;
				GCC_WARN_ABOUT_RETURN_TYPE = YES_ERROR;
				GCC_WARN_UNDECLARED_SELECTOR = YES;
				GCC_WARN_UNINITIALIZED_AUTOS = YES_AGGRESSIVE;
				GCC_WARN_UNUSED_FUNCTION = YES;
				GCC_WARN_UNUSED_VARIABLE = YES;
				IPHONEOS_DEPLOYMENT_TARGET = 11.0;
				MTL_ENABLE_DEBUG_INFO = YES;
				ONLY_ACTIVE_ARCH = YES;
				SDKROOT = iphoneos;
				SWIFT_ACTIVE_COMPILATION_CONDITIONS = DEBUG;
				SWIFT_OPTIMIZATION_LEVEL = "-Onone";
			};
			name = Debug;
		};
		FE30429F1F9EA5BD0038070C /* Release */ = {
			isa = XCBuildConfiguration;
			buildSettings = {
				ALWAYS_SEARCH_USER_PATHS = NO;
				CLANG_ANALYZER_NONNULL = YES;
				CLANG_ANALYZER_NUMBER_OBJECT_CONVERSION = YES_AGGRESSIVE;
				CLANG_CXX_LANGUAGE_STANDARD = "gnu++14";
				CLANG_CXX_LIBRARY = "libc++";
				CLANG_ENABLE_MODULES = YES;
				CLANG_ENABLE_OBJC_ARC = YES;
				CLANG_WARN_BLOCK_CAPTURE_AUTORELEASING = YES;
				CLANG_WARN_BOOL_CONVERSION = YES;
				CLANG_WARN_COMMA = YES;
				CLANG_WARN_CONSTANT_CONVERSION = YES;
				CLANG_WARN_DIRECT_OBJC_ISA_USAGE = YES_ERROR;
				CLANG_WARN_DOCUMENTATION_COMMENTS = YES;
				CLANG_WARN_EMPTY_BODY = YES;
				CLANG_WARN_ENUM_CONVERSION = YES;
				CLANG_WARN_INFINITE_RECURSION = YES;
				CLANG_WARN_INT_CONVERSION = YES;
				CLANG_WARN_NON_LITERAL_NULL_CONVERSION = YES;
				CLANG_WARN_OBJC_LITERAL_CONVERSION = YES;
				CLANG_WARN_OBJC_ROOT_CLASS = YES_ERROR;
				CLANG_WARN_RANGE_LOOP_ANALYSIS = YES;
				CLANG_WARN_STRICT_PROTOTYPES = YES;
				CLANG_WARN_SUSPICIOUS_MOVE = YES;
				CLANG_WARN_UNGUARDED_AVAILABILITY = YES_AGGRESSIVE;
				CLANG_WARN_UNREACHABLE_CODE = YES;
				CLANG_WARN__DUPLICATE_METHOD_MATCH = YES;
				CODE_SIGN_IDENTITY = "iPhone Developer";
				COPY_PHASE_STRIP = NO;
				DEBUG_INFORMATION_FORMAT = "dwarf-with-dsym";
				ENABLE_NS_ASSERTIONS = NO;
				ENABLE_STRICT_OBJC_MSGSEND = YES;
				GCC_C_LANGUAGE_STANDARD = gnu11;
				GCC_NO_COMMON_BLOCKS = YES;
				GCC_WARN_64_TO_32_BIT_CONVERSION = YES;
				GCC_WARN_ABOUT_RETURN_TYPE = YES_ERROR;
				GCC_WARN_UNDECLARED_SELECTOR = YES;
				GCC_WARN_UNINITIALIZED_AUTOS = YES_AGGRESSIVE;
				GCC_WARN_UNUSED_FUNCTION = YES;
				GCC_WARN_UNUSED_VARIABLE = YES;
				IPHONEOS_DEPLOYMENT_TARGET = 11.0;
				MTL_ENABLE_DEBUG_INFO = NO;
				SDKROOT = iphoneos;
				SWIFT_OPTIMIZATION_LEVEL = "-Owholemodule";
				VALIDATE_PRODUCT = YES;
			};
			name = Release;
		};
		FE3042A11F9EA5BD0038070C /* Debug */ = {
			isa = XCBuildConfiguration;
			buildSettings = {
				ASSETCATALOG_COMPILER_APPICON_NAME = AppIcon;
				CODE_SIGN_STYLE = Automatic;
				INFOPLIST_FILE = CustomControlFun/Info.plist;
				IPHONEOS_DEPLOYMENT_TARGET = 9.3;
				LD_RUNPATH_SEARCH_PATHS = "$(inherited) @executable_path/Frameworks";
				PRODUCT_BUNDLE_IDENTIFIER = com.tedneward.demo.CustomControlFun;
				PRODUCT_NAME = "$(TARGET_NAME)";
				SWIFT_VERSION = 4.0;
				TARGETED_DEVICE_FAMILY = "1,2";
			};
			name = Debug;
		};
		FE3042A21F9EA5BD0038070C /* Release */ = {
			isa = XCBuildConfiguration;
			buildSettings = {
				ASSETCATALOG_COMPILER_APPICON_NAME = AppIcon;
				CODE_SIGN_STYLE = Automatic;
				INFOPLIST_FILE = CustomControlFun/Info.plist;
				IPHONEOS_DEPLOYMENT_TARGET = 9.3;
				LD_RUNPATH_SEARCH_PATHS = "$(inherited) @executable_path/Frameworks";
				PRODUCT_BUNDLE_IDENTIFIER = com.tedneward.demo.CustomControlFun;
				PRODUCT_NAME = "$(TARGET_NAME)";
				SWIFT_VERSION = 4.0;
				TARGETED_DEVICE_FAMILY = "1,2";
			};
			name = Release;
		};
/* End XCBuildConfiguration section */

/* Begin XCConfigurationList section */
		FE3042891F9EA5BD0038070C /* Build configuration list for PBXProject "CustomControlFun" */ = {
			isa = XCConfigurationList;
			buildConfigurations = (
				FE30429E1F9EA5BD0038070C /* Debug */,
				FE30429F1F9EA5BD0038070C /* Release */,
			);
			defaultConfigurationIsVisible = 0;
			defaultConfigurationName = Release;
		};
		FE3042A01F9EA5BD0038070C /* Build configuration list for PBXNativeTarget "CustomControlFun" */ = {
			isa = XCConfigurationList;
			buildConfigurations = (
				FE3042A11F9EA5BD0038070C /* Debug */,
				FE3042A21F9EA5BD0038070C /* Release */,
			);
			defaultConfigurationIsVisible = 0;
			defaultConfigurationName = Release;
		};
/* End XCConfigurationList section */
	};
	rootObject = FE3042861F9EA5BD0038070C /* Project object */;
}
